// !$*UTF8*$!
{
	archiveVersion = 1;
	classes = {
	};
	objectVersion = 46;
	objects = {

/* Begin PBXBuildFile section */
		840216EA1538EAAD00B16131 /* README.txt in Resources */ = {isa = PBXBuildFile; fileRef = 840216E61538EAAD00B16131 /* README.txt */; };
		840216EB1538EAAD00B16131 /* release_notes.txt in Resources */ = {isa = PBXBuildFile; fileRef = 840216E71538EAAD00B16131 /* release_notes.txt */; };
		840216ED1538F11400B16131 /* libTestFlight.a in Frameworks */ = {isa = PBXBuildFile; fileRef = 840216E51538EAAD00B16131 /* libTestFlight.a */; };
		840216EF1538F15B00B16131 /* libz.dylib in Frameworks */ = {isa = PBXBuildFile; fileRef = 840216EE1538F15B00B16131 /* libz.dylib */; };
		841F850214C25F2E00DFFABC /* Settings.bundle in Resources */ = {isa = PBXBuildFile; fileRef = 841F850114C25F2D00DFFABC /* Settings.bundle */; };
		841F854714C2651700DFFABC /* MessageUI.framework in Frameworks */ = {isa = PBXBuildFile; fileRef = 841F854614C2651600DFFABC /* MessageUI.framework */; };
		841F854A14C40F5600DFFABC /* ZSStatisticsController.m in Sources */ = {isa = PBXBuildFile; fileRef = 841F854914C40F5500DFFABC /* ZSStatisticsController.m */; };
		841F854E14C4287700DFFABC /* ZSStatisticsViewController.m in Sources */ = {isa = PBXBuildFile; fileRef = 841F854C14C4287600DFFABC /* ZSStatisticsViewController.m */; };
		8426A77D14ED1656006DAD1C /* IASKAppSettingsViewController.m in Sources */ = {isa = PBXBuildFile; fileRef = 8426A75714ED1656006DAD1C /* IASKAppSettingsViewController.m */; settings = {COMPILER_FLAGS = "-fno-objc-arc"; }; };
		8426A77E14ED1656006DAD1C /* IASKAppSettingsWebViewController.m in Sources */ = {isa = PBXBuildFile; fileRef = 8426A75914ED1656006DAD1C /* IASKAppSettingsWebViewController.m */; settings = {COMPILER_FLAGS = "-fno-objc-arc"; }; };
		8426A77F14ED1656006DAD1C /* IASKSpecifierValuesViewController.m in Sources */ = {isa = PBXBuildFile; fileRef = 8426A75B14ED1656006DAD1C /* IASKSpecifierValuesViewController.m */; settings = {COMPILER_FLAGS = "-fno-objc-arc"; }; };
		8426A78014ED1656006DAD1C /* IASKSettingsReader.m in Sources */ = {isa = PBXBuildFile; fileRef = 8426A75E14ED1656006DAD1C /* IASKSettingsReader.m */; settings = {COMPILER_FLAGS = "-fno-objc-arc"; }; };
		8426A78114ED1656006DAD1C /* IASKSettingsStore.m in Sources */ = {isa = PBXBuildFile; fileRef = 8426A76014ED1656006DAD1C /* IASKSettingsStore.m */; settings = {COMPILER_FLAGS = "-fno-objc-arc"; }; };
		8426A78214ED1657006DAD1C /* IASKSettingsStoreFile.m in Sources */ = {isa = PBXBuildFile; fileRef = 8426A76214ED1656006DAD1C /* IASKSettingsStoreFile.m */; settings = {COMPILER_FLAGS = "-fno-objc-arc"; }; };
		8426A78314ED1657006DAD1C /* IASKSettingsStoreUserDefaults.m in Sources */ = {isa = PBXBuildFile; fileRef = 8426A76414ED1656006DAD1C /* IASKSettingsStoreUserDefaults.m */; settings = {COMPILER_FLAGS = "-fno-objc-arc"; }; };
		8426A78414ED1657006DAD1C /* IASKSpecifier.m in Sources */ = {isa = PBXBuildFile; fileRef = 8426A76614ED1656006DAD1C /* IASKSpecifier.m */; settings = {COMPILER_FLAGS = "-fno-objc-arc"; }; };
		8426A78514ED1657006DAD1C /* IASKPSSliderSpecifierViewCell.m in Sources */ = {isa = PBXBuildFile; fileRef = 8426A76914ED1656006DAD1C /* IASKPSSliderSpecifierViewCell.m */; settings = {COMPILER_FLAGS = "-fno-objc-arc"; }; };
		8426A78614ED1657006DAD1C /* IASKPSTextFieldSpecifierViewCell.m in Sources */ = {isa = PBXBuildFile; fileRef = 8426A76B14ED1656006DAD1C /* IASKPSTextFieldSpecifierViewCell.m */; settings = {COMPILER_FLAGS = "-fno-objc-arc"; }; };
		8426A78714ED1657006DAD1C /* IASKPSTitleValueSpecifierViewCell.m in Sources */ = {isa = PBXBuildFile; fileRef = 8426A76D14ED1656006DAD1C /* IASKPSTitleValueSpecifierViewCell.m */; settings = {COMPILER_FLAGS = "-fno-objc-arc"; }; };
		8426A78814ED1657006DAD1C /* IASKPSToggleSwitchSpecifierViewCell.m in Sources */ = {isa = PBXBuildFile; fileRef = 8426A76F14ED1656006DAD1C /* IASKPSToggleSwitchSpecifierViewCell.m */; settings = {COMPILER_FLAGS = "-fno-objc-arc"; }; };
		8426A78914ED1657006DAD1C /* IASKSlider.m in Sources */ = {isa = PBXBuildFile; fileRef = 8426A77114ED1656006DAD1C /* IASKSlider.m */; settings = {COMPILER_FLAGS = "-fno-objc-arc"; }; };
		8426A78A14ED1657006DAD1C /* IASKSwitch.m in Sources */ = {isa = PBXBuildFile; fileRef = 8426A77314ED1656006DAD1C /* IASKSwitch.m */; settings = {COMPILER_FLAGS = "-fno-objc-arc"; }; };
		8426A78B14ED1657006DAD1C /* IASKTextField.m in Sources */ = {isa = PBXBuildFile; fileRef = 8426A77514ED1656006DAD1C /* IASKTextField.m */; settings = {COMPILER_FLAGS = "-fno-objc-arc"; }; };
		8426A78C14ED1657006DAD1C /* IASKAppSettingsView.xib in Resources */ = {isa = PBXBuildFile; fileRef = 8426A77714ED1656006DAD1C /* IASKAppSettingsView.xib */; };
		8426A78D14ED1657006DAD1C /* IASKAppSettingsWebView.xib in Resources */ = {isa = PBXBuildFile; fileRef = 8426A77814ED1656006DAD1C /* IASKAppSettingsWebView.xib */; };
		8426A78E14ED1657006DAD1C /* IASKPSSliderSpecifierViewCell.xib in Resources */ = {isa = PBXBuildFile; fileRef = 8426A77914ED1656006DAD1C /* IASKPSSliderSpecifierViewCell.xib */; };
		8426A78F14ED1657006DAD1C /* IASKPSTextFieldSpecifierViewCell.xib in Resources */ = {isa = PBXBuildFile; fileRef = 8426A77A14ED1656006DAD1C /* IASKPSTextFieldSpecifierViewCell.xib */; };
		8426A79014ED1657006DAD1C /* IASKPSToggleSwitchSpecifierViewCell.xib in Resources */ = {isa = PBXBuildFile; fileRef = 8426A77B14ED1656006DAD1C /* IASKPSToggleSwitchSpecifierViewCell.xib */; };
		8426A79114ED1657006DAD1C /* IASKSpecifierValuesView.xib in Resources */ = {isa = PBXBuildFile; fileRef = 8426A77C14ED1656006DAD1C /* IASKSpecifierValuesView.xib */; };
		8426A79D14ED16A3006DAD1C /* FMDatabase.m in Sources */ = {isa = PBXBuildFile; fileRef = 8426A79814ED16A3006DAD1C /* FMDatabase.m */; settings = {COMPILER_FLAGS = "-fno-objc-arc"; }; };
		8426A79E14ED16A3006DAD1C /* FMDatabaseAdditions.m in Sources */ = {isa = PBXBuildFile; fileRef = 8426A79A14ED16A3006DAD1C /* FMDatabaseAdditions.m */; settings = {COMPILER_FLAGS = "-fno-objc-arc"; }; };
		8426A79F14ED16A3006DAD1C /* FMResultSet.m in Sources */ = {isa = PBXBuildFile; fileRef = 8426A79C14ED16A3006DAD1C /* FMResultSet.m */; settings = {COMPILER_FLAGS = "-fno-objc-arc"; }; };
		8428AD2B154A2C2D00BA8EE0 /* ZSFastGameBoard.m in Sources */ = {isa = PBXBuildFile; fileRef = 8428AD24154A2C2D00BA8EE0 /* ZSFastGameBoard.m */; };
		8428AD2D154A2C2D00BA8EE0 /* ZSHintGenerator.m in Sources */ = {isa = PBXBuildFile; fileRef = 8428AD28154A2C2D00BA8EE0 /* ZSHintGenerator.m */; };
		8428AD36154A48F700BA8EE0 /* ZSHintViewController.m in Sources */ = {isa = PBXBuildFile; fileRef = 8428AD34154A48F700BA8EE0 /* ZSHintViewController.m */; };
		8428AD37154A48F700BA8EE0 /* ZSHintViewController.xib in Resources */ = {isa = PBXBuildFile; fileRef = 8428AD35154A48F700BA8EE0 /* ZSHintViewController.xib */; };
		8428AD39154A498200BA8EE0 /* HintPaper@2x.png in Resources */ = {isa = PBXBuildFile; fileRef = 8428AD38154A498200BA8EE0 /* HintPaper@2x.png */; };
		8428AD3C154A52F700BA8EE0 /* Default.png in Resources */ = {isa = PBXBuildFile; fileRef = 8428AD3A154A52F700BA8EE0 /* Default.png */; };
		8428AD3D154A52F700BA8EE0 /* Default@2x.png in Resources */ = {isa = PBXBuildFile; fileRef = 8428AD3B154A52F700BA8EE0 /* Default@2x.png */; };
		8428AD3F154AA62600BA8EE0 /* HintPaper.png in Resources */ = {isa = PBXBuildFile; fileRef = 8428AD3E154AA62600BA8EE0 /* HintPaper.png */; };
		8428AD42154AB8FE00BA8EE0 /* ZSHintCard.m in Sources */ = {isa = PBXBuildFile; fileRef = 8428AD41154AB8FE00BA8EE0 /* ZSHintCard.m */; };
		8428AD4B154F2D4700BA8EE0 /* ZSHintGeneratorFixIncorrectGuess.m in Sources */ = {isa = PBXBuildFile; fileRef = 8428AD4A154F2D4700BA8EE0 /* ZSHintGeneratorFixIncorrectGuess.m */; };
		8428AD4E154F30A300BA8EE0 /* ZSHintGeneratorNoHint.m in Sources */ = {isa = PBXBuildFile; fileRef = 8428AD4D154F30A300BA8EE0 /* ZSHintGeneratorNoHint.m */; };
		8428AD51154F36A200BA8EE0 /* ZSHintGeneratorFixMissingPencil.m in Sources */ = {isa = PBXBuildFile; fileRef = 8428AD50154F36A200BA8EE0 /* ZSHintGeneratorFixMissingPencil.m */; };
		8435B42715456C0A00C15E87 /* PaperBackgroundCurled.png in Resources */ = {isa = PBXBuildFile; fileRef = 8435B42515456C0A00C15E87 /* PaperBackgroundCurled.png */; };
		8435B42815456C0A00C15E87 /* PaperBackgroundCurled@2x.png in Resources */ = {isa = PBXBuildFile; fileRef = 8435B42615456C0A00C15E87 /* PaperBackgroundCurled@2x.png */; };
		843BEDEF149DC4E800D1D19B /* ZSIconNew57.png in Resources */ = {isa = PBXBuildFile; fileRef = 843BEDEE149DC4E800D1D19B /* ZSIconNew57.png */; };
		843BEDF1149DC4F100D1D19B /* ZSIconNew114.png in Resources */ = {isa = PBXBuildFile; fileRef = 843BEDF0149DC4F100D1D19B /* ZSIconNew114.png */; };
		8449D9571481D77D003F6FB3 /* ZSGameAnswerOptionsViewController.m in Sources */ = {isa = PBXBuildFile; fileRef = 8449D9561481D77D003F6FB3 /* ZSGameAnswerOptionsViewController.m */; };
		8449D95A1481E518003F6FB3 /* ZSGameAnswerOptionViewController.m in Sources */ = {isa = PBXBuildFile; fileRef = 8449D9591481E518003F6FB3 /* ZSGameAnswerOptionViewController.m */; };
		8492B76114C911FF0093B7AC /* libsqlite3.0.dylib in Frameworks */ = {isa = PBXBuildFile; fileRef = 8492B76014C911FF0093B7AC /* libsqlite3.0.dylib */; };
		8492B77414CD69B10093B7AC /* ZSPuzzleFetcher.m in Sources */ = {isa = PBXBuildFile; fileRef = 8492B77314CD69B10093B7AC /* ZSPuzzleFetcher.m */; };
		8492B78814CEBDC80093B7AC /* Sudoku.db3 in Resources */ = {isa = PBXBuildFile; fileRef = 8492B78714CEBDC80093B7AC /* Sudoku.db3 */; };
		8494BE6B14FAACCC00010233 /* Board.png in Resources */ = {isa = PBXBuildFile; fileRef = 8494BE6914FAACCC00010233 /* Board.png */; };
		8494BE6C14FAACCC00010233 /* Board@2x.png in Resources */ = {isa = PBXBuildFile; fileRef = 8494BE6A14FAACCC00010233 /* Board@2x.png */; };
		8494BE7114FB117100010233 /* Pencil@2x.png in Resources */ = {isa = PBXBuildFile; fileRef = 8494BE6F14FB117100010233 /* Pencil@2x.png */; };
		8494BE7214FB117100010233 /* PencilSelected@2x.png in Resources */ = {isa = PBXBuildFile; fileRef = 8494BE7014FB117100010233 /* PencilSelected@2x.png */; };
		84992960155BA8B900D82D34 /* ZSHintGeneratorSolveOnlyChoice.m in Sources */ = {isa = PBXBuildFile; fileRef = 8499295F155BA8B900D82D34 /* ZSHintGeneratorSolveOnlyChoice.m */; };
		84992961155BA8B900D82D34 /* ZSHintGeneratorSolveOnlyChoice.m in Sources */ = {isa = PBXBuildFile; fileRef = 8499295F155BA8B900D82D34 /* ZSHintGeneratorSolveOnlyChoice.m */; };
		84992964155F0C9700D82D34 /* ZSHintGeneratorSolveSinglePossibility.m in Sources */ = {isa = PBXBuildFile; fileRef = 84992963155F0C9700D82D34 /* ZSHintGeneratorSolveSinglePossibility.m */; };
		84992965155F0C9700D82D34 /* ZSHintGeneratorSolveSinglePossibility.m in Sources */ = {isa = PBXBuildFile; fileRef = 84992963155F0C9700D82D34 /* ZSHintGeneratorSolveSinglePossibility.m */; };
		849B69BE14F24D6100870F09 /* GameKit.framework in Frameworks */ = {isa = PBXBuildFile; fileRef = 849B69BD14F24D6100870F09 /* GameKit.framework */; };
		849B69D914F263AB00870F09 /* ReklameScript-Black.ttf in Resources */ = {isa = PBXBuildFile; fileRef = 849B69D514F263AB00870F09 /* ReklameScript-Black.ttf */; };
		849B69DA14F263AB00870F09 /* ReklameScript-Bold.ttf in Resources */ = {isa = PBXBuildFile; fileRef = 849B69D614F263AB00870F09 /* ReklameScript-Bold.ttf */; };
		849B69DB14F263AB00870F09 /* ReklameScript-Medium.ttf in Resources */ = {isa = PBXBuildFile; fileRef = 849B69D714F263AB00870F09 /* ReklameScript-Medium.ttf */; };
		849B69DC14F263AB00870F09 /* ReklameScript-Regular.ttf in Resources */ = {isa = PBXBuildFile; fileRef = 849B69D814F263AB00870F09 /* ReklameScript-Regular.ttf */; };
		849B69F314F2666400870F09 /* PaperBackground.png in Resources */ = {isa = PBXBuildFile; fileRef = 849B69EE14F2666400870F09 /* PaperBackground.png */; };
		849B69F414F2666400870F09 /* PaperBackground@2x.png in Resources */ = {isa = PBXBuildFile; fileRef = 849B69EF14F2666400870F09 /* PaperBackground@2x.png */; };
		84A097521548B22D0082C9D0 /* AutoPencil.png in Resources */ = {isa = PBXBuildFile; fileRef = 84A0974A1548B22D0082C9D0 /* AutoPencil.png */; };
		84A097531548B22D0082C9D0 /* AutoPencil@2x.png in Resources */ = {isa = PBXBuildFile; fileRef = 84A0974B1548B22D0082C9D0 /* AutoPencil@2x.png */; };
		84A097541548B22D0082C9D0 /* AutoPencilHighlighted.png in Resources */ = {isa = PBXBuildFile; fileRef = 84A0974C1548B22D0082C9D0 /* AutoPencilHighlighted.png */; };
		84A097551548B22D0082C9D0 /* AutoPencilHighlighted@2x.png in Resources */ = {isa = PBXBuildFile; fileRef = 84A0974D1548B22D0082C9D0 /* AutoPencilHighlighted@2x.png */; };
		84A097561548B22D0082C9D0 /* Hints.png in Resources */ = {isa = PBXBuildFile; fileRef = 84A0974E1548B22D0082C9D0 /* Hints.png */; };
		84A097571548B22D0082C9D0 /* Hints@2x.png in Resources */ = {isa = PBXBuildFile; fileRef = 84A0974F1548B22D0082C9D0 /* Hints@2x.png */; };
		84A097581548B22D0082C9D0 /* HintsHighlighted.png in Resources */ = {isa = PBXBuildFile; fileRef = 84A097501548B22D0082C9D0 /* HintsHighlighted.png */; };
		84A097591548B22D0082C9D0 /* HintsHighlighted@2x.png in Resources */ = {isa = PBXBuildFile; fileRef = 84A097511548B22D0082C9D0 /* HintsHighlighted@2x.png */; };
		84A0975F1549DDE40082C9D0 /* ZSGameBookViewController.m in Sources */ = {isa = PBXBuildFile; fileRef = 84A0975E1549DDE40082C9D0 /* ZSGameBookViewController.m */; };
		84AC26C91480950F00E966A5 /* ZSGameBoardViewController.m in Sources */ = {isa = PBXBuildFile; fileRef = 84AC26C71480950F00E966A5 /* ZSGameBoardViewController.m */; };
		84AC26CE1480986900E966A5 /* ZSGameBoardTileViewController.m in Sources */ = {isa = PBXBuildFile; fileRef = 84AC26CC1480986900E966A5 /* ZSGameBoardTileViewController.m */; };
		84AC26DD1480D9C700E966A5 /* ZSGame.m in Sources */ = {isa = PBXBuildFile; fileRef = 84AC26DC1480D9C700E966A5 /* ZSGame.m */; };
		84AC26E01480DDBA00E966A5 /* ZSGameTile.m in Sources */ = {isa = PBXBuildFile; fileRef = 84AC26DF1480DDBA00E966A5 /* ZSGameTile.m */; };
		84AC26E41480EB7E00E966A5 /* ZSGameController.m in Sources */ = {isa = PBXBuildFile; fileRef = 84AC26E31480EB7D00E966A5 /* ZSGameController.m */; };
		84AC6B411508B35F00C2F192 /* UIColor+ColorWithHex.m in Sources */ = {isa = PBXBuildFile; fileRef = 84AC6B401508B35F00C2F192 /* UIColor+ColorWithHex.m */; };
		84B300F4148AF6FF00E568CE /* ZSGameHistoryEntry.m in Sources */ = {isa = PBXBuildFile; fileRef = 84B300F3148AF6FD00E568CE /* ZSGameHistoryEntry.m */; };
		84C6110A14D94414003358FE /* ZSInstructionsRootViewController.m in Sources */ = {isa = PBXBuildFile; fileRef = 84C6110814D94414003358FE /* ZSInstructionsRootViewController.m */; };
		84C6110B14D94414003358FE /* ZSInstructionsRootViewController.xib in Resources */ = {isa = PBXBuildFile; fileRef = 84C6110914D94414003358FE /* ZSInstructionsRootViewController.xib */; };
		84D1CB09156EE5A60027230B /* ZSHintGeneratorEliminatePencilsNakedSubgroup.m in Sources */ = {isa = PBXBuildFile; fileRef = 84D1CB08156EE5A60027230B /* ZSHintGeneratorEliminatePencilsNakedSubgroup.m */; };
		84D1CB1115703CB00027230B /* ZSHintGeneratorEliminatePencilsHiddenSubgroup.m in Sources */ = {isa = PBXBuildFile; fileRef = 84D1CB1015703CB00027230B /* ZSHintGeneratorEliminatePencilsHiddenSubgroup.m */; };
		84D1CB141571829E0027230B /* ZSHintGeneratorEliminatePencilsPointingPairs.m in Sources */ = {isa = PBXBuildFile; fileRef = 84D1CB131571829E0027230B /* ZSHintGeneratorEliminatePencilsPointingPairs.m */; };
		84D55014147F1C4A00A7934E /* UIKit.framework in Frameworks */ = {isa = PBXBuildFile; fileRef = 84D55013147F1C4A00A7934E /* UIKit.framework */; };
		84D55016147F1C4A00A7934E /* Foundation.framework in Frameworks */ = {isa = PBXBuildFile; fileRef = 84D55015147F1C4A00A7934E /* Foundation.framework */; };
		84D55018147F1C4A00A7934E /* CoreGraphics.framework in Frameworks */ = {isa = PBXBuildFile; fileRef = 84D55017147F1C4A00A7934E /* CoreGraphics.framework */; };
		84D5501E147F1C4A00A7934E /* InfoPlist.strings in Resources */ = {isa = PBXBuildFile; fileRef = 84D5501C147F1C4A00A7934E /* InfoPlist.strings */; };
		84D55020147F1C4A00A7934E /* main.m in Sources */ = {isa = PBXBuildFile; fileRef = 84D5501F147F1C4A00A7934E /* main.m */; };
		84D55024147F1C4A00A7934E /* ZSAppDelegate.m in Sources */ = {isa = PBXBuildFile; fileRef = 84D55023147F1C4A00A7934E /* ZSAppDelegate.m */; };
		84D5505C147F227C00A7934E /* ZSMainMenuViewController.m in Sources */ = {isa = PBXBuildFile; fileRef = 84D5505A147F227C00A7934E /* ZSMainMenuViewController.m */; };
		84D55065147F2EFA00A7934E /* ZSNewGameOptionsViewController.m in Sources */ = {isa = PBXBuildFile; fileRef = 84D55064147F2EFA00A7934E /* ZSNewGameOptionsViewController.m */; };
		84D55069147F3D7500A7934E /* ZSGameViewController.m in Sources */ = {isa = PBXBuildFile; fileRef = 84D55068147F3D7400A7934E /* ZSGameViewController.m */; };
		84EE86271494ADEA004C0A16 /* SenTestingKit.framework in Frameworks */ = {isa = PBXBuildFile; fileRef = 84D5503A147F1C4B00A7934E /* SenTestingKit.framework */; };
		84EE86281494ADEA004C0A16 /* UIKit.framework in Frameworks */ = {isa = PBXBuildFile; fileRef = 84D55013147F1C4A00A7934E /* UIKit.framework */; };
		84EE86291494ADEA004C0A16 /* Foundation.framework in Frameworks */ = {isa = PBXBuildFile; fileRef = 84D55015147F1C4A00A7934E /* Foundation.framework */; };
		84EE862F1494ADEA004C0A16 /* InfoPlist.strings in Resources */ = {isa = PBXBuildFile; fileRef = 84EE862D1494ADEA004C0A16 /* InfoPlist.strings */; };
		84F9EFFE1495CC81003DD297 /* ZSGameBoard.m in Sources */ = {isa = PBXBuildFile; fileRef = 84F9EFFD1495CC81003DD297 /* ZSGameBoard.m */; };
/* End PBXBuildFile section */

/* Begin PBXFileReference section */
		840216E51538EAAD00B16131 /* libTestFlight.a */ = {isa = PBXFileReference; lastKnownFileType = archive.ar; path = libTestFlight.a; sourceTree = "<group>"; };
		840216E61538EAAD00B16131 /* README.txt */ = {isa = PBXFileReference; fileEncoding = 4; lastKnownFileType = text; path = README.txt; sourceTree = "<group>"; };
		840216E71538EAAD00B16131 /* release_notes.txt */ = {isa = PBXFileReference; fileEncoding = 4; lastKnownFileType = text; path = release_notes.txt; sourceTree = "<group>"; };
		840216E81538EAAD00B16131 /* TestFlight.h */ = {isa = PBXFileReference; fileEncoding = 4; lastKnownFileType = sourcecode.c.h; path = TestFlight.h; sourceTree = "<group>"; };
		840216EE1538F15B00B16131 /* libz.dylib */ = {isa = PBXFileReference; lastKnownFileType = "compiled.mach-o.dylib"; name = libz.dylib; path = usr/lib/libz.dylib; sourceTree = SDKROOT; };
		841F850114C25F2D00DFFABC /* Settings.bundle */ = {isa = PBXFileReference; lastKnownFileType = "wrapper.plug-in"; path = Settings.bundle; sourceTree = "<group>"; };
		841F854614C2651600DFFABC /* MessageUI.framework */ = {isa = PBXFileReference; lastKnownFileType = wrapper.framework; name = MessageUI.framework; path = System/Library/Frameworks/MessageUI.framework; sourceTree = SDKROOT; };
		841F854814C40F5500DFFABC /* ZSStatisticsController.h */ = {isa = PBXFileReference; fileEncoding = 4; lastKnownFileType = sourcecode.c.h; name = ZSStatisticsController.h; path = "Model Controllers/ZSStatisticsController.h"; sourceTree = "<group>"; };
		841F854914C40F5500DFFABC /* ZSStatisticsController.m */ = {isa = PBXFileReference; fileEncoding = 4; lastKnownFileType = sourcecode.c.objc; name = ZSStatisticsController.m; path = "Model Controllers/ZSStatisticsController.m"; sourceTree = "<group>"; };
		841F854B14C4287600DFFABC /* ZSStatisticsViewController.h */ = {isa = PBXFileReference; fileEncoding = 4; lastKnownFileType = sourcecode.c.h; name = ZSStatisticsViewController.h; path = "View Controllers/ZSStatisticsViewController.h"; sourceTree = "<group>"; };
		841F854C14C4287600DFFABC /* ZSStatisticsViewController.m */ = {isa = PBXFileReference; fileEncoding = 4; lastKnownFileType = sourcecode.c.objc; name = ZSStatisticsViewController.m; path = "View Controllers/ZSStatisticsViewController.m"; sourceTree = "<group>"; };
		8426A75614ED1656006DAD1C /* IASKAppSettingsViewController.h */ = {isa = PBXFileReference; fileEncoding = 4; lastKnownFileType = sourcecode.c.h; path = IASKAppSettingsViewController.h; sourceTree = "<group>"; };
		8426A75714ED1656006DAD1C /* IASKAppSettingsViewController.m */ = {isa = PBXFileReference; fileEncoding = 4; lastKnownFileType = sourcecode.c.objc; path = IASKAppSettingsViewController.m; sourceTree = "<group>"; };
		8426A75814ED1656006DAD1C /* IASKAppSettingsWebViewController.h */ = {isa = PBXFileReference; fileEncoding = 4; lastKnownFileType = sourcecode.c.h; path = IASKAppSettingsWebViewController.h; sourceTree = "<group>"; };
		8426A75914ED1656006DAD1C /* IASKAppSettingsWebViewController.m */ = {isa = PBXFileReference; fileEncoding = 4; lastKnownFileType = sourcecode.c.objc; path = IASKAppSettingsWebViewController.m; sourceTree = "<group>"; };
		8426A75A14ED1656006DAD1C /* IASKSpecifierValuesViewController.h */ = {isa = PBXFileReference; fileEncoding = 4; lastKnownFileType = sourcecode.c.h; path = IASKSpecifierValuesViewController.h; sourceTree = "<group>"; };
		8426A75B14ED1656006DAD1C /* IASKSpecifierValuesViewController.m */ = {isa = PBXFileReference; fileEncoding = 4; lastKnownFileType = sourcecode.c.objc; path = IASKSpecifierValuesViewController.m; sourceTree = "<group>"; };
		8426A75D14ED1656006DAD1C /* IASKSettingsReader.h */ = {isa = PBXFileReference; fileEncoding = 4; lastKnownFileType = sourcecode.c.h; path = IASKSettingsReader.h; sourceTree = "<group>"; };
		8426A75E14ED1656006DAD1C /* IASKSettingsReader.m */ = {isa = PBXFileReference; fileEncoding = 4; lastKnownFileType = sourcecode.c.objc; path = IASKSettingsReader.m; sourceTree = "<group>"; };
		8426A75F14ED1656006DAD1C /* IASKSettingsStore.h */ = {isa = PBXFileReference; fileEncoding = 4; lastKnownFileType = sourcecode.c.h; path = IASKSettingsStore.h; sourceTree = "<group>"; };
		8426A76014ED1656006DAD1C /* IASKSettingsStore.m */ = {isa = PBXFileReference; fileEncoding = 4; lastKnownFileType = sourcecode.c.objc; path = IASKSettingsStore.m; sourceTree = "<group>"; };
		8426A76114ED1656006DAD1C /* IASKSettingsStoreFile.h */ = {isa = PBXFileReference; fileEncoding = 4; lastKnownFileType = sourcecode.c.h; path = IASKSettingsStoreFile.h; sourceTree = "<group>"; };
		8426A76214ED1656006DAD1C /* IASKSettingsStoreFile.m */ = {isa = PBXFileReference; fileEncoding = 4; lastKnownFileType = sourcecode.c.objc; path = IASKSettingsStoreFile.m; sourceTree = "<group>"; };
		8426A76314ED1656006DAD1C /* IASKSettingsStoreUserDefaults.h */ = {isa = PBXFileReference; fileEncoding = 4; lastKnownFileType = sourcecode.c.h; path = IASKSettingsStoreUserDefaults.h; sourceTree = "<group>"; };
		8426A76414ED1656006DAD1C /* IASKSettingsStoreUserDefaults.m */ = {isa = PBXFileReference; fileEncoding = 4; lastKnownFileType = sourcecode.c.objc; path = IASKSettingsStoreUserDefaults.m; sourceTree = "<group>"; };
		8426A76514ED1656006DAD1C /* IASKSpecifier.h */ = {isa = PBXFileReference; fileEncoding = 4; lastKnownFileType = sourcecode.c.h; path = IASKSpecifier.h; sourceTree = "<group>"; };
		8426A76614ED1656006DAD1C /* IASKSpecifier.m */ = {isa = PBXFileReference; fileEncoding = 4; lastKnownFileType = sourcecode.c.objc; path = IASKSpecifier.m; sourceTree = "<group>"; };
		8426A76814ED1656006DAD1C /* IASKPSSliderSpecifierViewCell.h */ = {isa = PBXFileReference; fileEncoding = 4; lastKnownFileType = sourcecode.c.h; path = IASKPSSliderSpecifierViewCell.h; sourceTree = "<group>"; };
		8426A76914ED1656006DAD1C /* IASKPSSliderSpecifierViewCell.m */ = {isa = PBXFileReference; fileEncoding = 4; lastKnownFileType = sourcecode.c.objc; path = IASKPSSliderSpecifierViewCell.m; sourceTree = "<group>"; };
		8426A76A14ED1656006DAD1C /* IASKPSTextFieldSpecifierViewCell.h */ = {isa = PBXFileReference; fileEncoding = 4; lastKnownFileType = sourcecode.c.h; path = IASKPSTextFieldSpecifierViewCell.h; sourceTree = "<group>"; };
		8426A76B14ED1656006DAD1C /* IASKPSTextFieldSpecifierViewCell.m */ = {isa = PBXFileReference; fileEncoding = 4; lastKnownFileType = sourcecode.c.objc; path = IASKPSTextFieldSpecifierViewCell.m; sourceTree = "<group>"; };
		8426A76C14ED1656006DAD1C /* IASKPSTitleValueSpecifierViewCell.h */ = {isa = PBXFileReference; fileEncoding = 4; lastKnownFileType = sourcecode.c.h; path = IASKPSTitleValueSpecifierViewCell.h; sourceTree = "<group>"; };
		8426A76D14ED1656006DAD1C /* IASKPSTitleValueSpecifierViewCell.m */ = {isa = PBXFileReference; fileEncoding = 4; lastKnownFileType = sourcecode.c.objc; path = IASKPSTitleValueSpecifierViewCell.m; sourceTree = "<group>"; };
		8426A76E14ED1656006DAD1C /* IASKPSToggleSwitchSpecifierViewCell.h */ = {isa = PBXFileReference; fileEncoding = 4; lastKnownFileType = sourcecode.c.h; path = IASKPSToggleSwitchSpecifierViewCell.h; sourceTree = "<group>"; };
		8426A76F14ED1656006DAD1C /* IASKPSToggleSwitchSpecifierViewCell.m */ = {isa = PBXFileReference; fileEncoding = 4; lastKnownFileType = sourcecode.c.objc; path = IASKPSToggleSwitchSpecifierViewCell.m; sourceTree = "<group>"; };
		8426A77014ED1656006DAD1C /* IASKSlider.h */ = {isa = PBXFileReference; fileEncoding = 4; lastKnownFileType = sourcecode.c.h; path = IASKSlider.h; sourceTree = "<group>"; };
		8426A77114ED1656006DAD1C /* IASKSlider.m */ = {isa = PBXFileReference; fileEncoding = 4; lastKnownFileType = sourcecode.c.objc; path = IASKSlider.m; sourceTree = "<group>"; };
		8426A77214ED1656006DAD1C /* IASKSwitch.h */ = {isa = PBXFileReference; fileEncoding = 4; lastKnownFileType = sourcecode.c.h; path = IASKSwitch.h; sourceTree = "<group>"; };
		8426A77314ED1656006DAD1C /* IASKSwitch.m */ = {isa = PBXFileReference; fileEncoding = 4; lastKnownFileType = sourcecode.c.objc; path = IASKSwitch.m; sourceTree = "<group>"; };
		8426A77414ED1656006DAD1C /* IASKTextField.h */ = {isa = PBXFileReference; fileEncoding = 4; lastKnownFileType = sourcecode.c.h; path = IASKTextField.h; sourceTree = "<group>"; };
		8426A77514ED1656006DAD1C /* IASKTextField.m */ = {isa = PBXFileReference; fileEncoding = 4; lastKnownFileType = sourcecode.c.objc; path = IASKTextField.m; sourceTree = "<group>"; };
		8426A77714ED1656006DAD1C /* IASKAppSettingsView.xib */ = {isa = PBXFileReference; fileEncoding = 4; lastKnownFileType = file.xib; path = IASKAppSettingsView.xib; sourceTree = "<group>"; };
		8426A77814ED1656006DAD1C /* IASKAppSettingsWebView.xib */ = {isa = PBXFileReference; fileEncoding = 4; lastKnownFileType = file.xib; path = IASKAppSettingsWebView.xib; sourceTree = "<group>"; };
		8426A77914ED1656006DAD1C /* IASKPSSliderSpecifierViewCell.xib */ = {isa = PBXFileReference; fileEncoding = 4; lastKnownFileType = file.xib; path = IASKPSSliderSpecifierViewCell.xib; sourceTree = "<group>"; };
		8426A77A14ED1656006DAD1C /* IASKPSTextFieldSpecifierViewCell.xib */ = {isa = PBXFileReference; fileEncoding = 4; lastKnownFileType = file.xib; path = IASKPSTextFieldSpecifierViewCell.xib; sourceTree = "<group>"; };
		8426A77B14ED1656006DAD1C /* IASKPSToggleSwitchSpecifierViewCell.xib */ = {isa = PBXFileReference; fileEncoding = 4; lastKnownFileType = file.xib; path = IASKPSToggleSwitchSpecifierViewCell.xib; sourceTree = "<group>"; };
		8426A77C14ED1656006DAD1C /* IASKSpecifierValuesView.xib */ = {isa = PBXFileReference; fileEncoding = 4; lastKnownFileType = file.xib; path = IASKSpecifierValuesView.xib; sourceTree = "<group>"; };
		8426A79714ED16A3006DAD1C /* FMDatabase.h */ = {isa = PBXFileReference; fileEncoding = 4; lastKnownFileType = sourcecode.c.h; path = FMDatabase.h; sourceTree = "<group>"; };
		8426A79814ED16A3006DAD1C /* FMDatabase.m */ = {isa = PBXFileReference; fileEncoding = 4; lastKnownFileType = sourcecode.c.objc; path = FMDatabase.m; sourceTree = "<group>"; };
		8426A79914ED16A3006DAD1C /* FMDatabaseAdditions.h */ = {isa = PBXFileReference; fileEncoding = 4; lastKnownFileType = sourcecode.c.h; path = FMDatabaseAdditions.h; sourceTree = "<group>"; };
		8426A79A14ED16A3006DAD1C /* FMDatabaseAdditions.m */ = {isa = PBXFileReference; fileEncoding = 4; lastKnownFileType = sourcecode.c.objc; path = FMDatabaseAdditions.m; sourceTree = "<group>"; };
		8426A79B14ED16A3006DAD1C /* FMResultSet.h */ = {isa = PBXFileReference; fileEncoding = 4; lastKnownFileType = sourcecode.c.h; path = FMResultSet.h; sourceTree = "<group>"; };
		8426A79C14ED16A3006DAD1C /* FMResultSet.m */ = {isa = PBXFileReference; fileEncoding = 4; lastKnownFileType = sourcecode.c.objc; path = FMResultSet.m; sourceTree = "<group>"; };
		8428AD23154A2C2D00BA8EE0 /* ZSFastGameBoard.h */ = {isa = PBXFileReference; fileEncoding = 4; lastKnownFileType = sourcecode.c.h; name = ZSFastGameBoard.h; path = Models/ZSFastGameBoard.h; sourceTree = "<group>"; };
		8428AD24154A2C2D00BA8EE0 /* ZSFastGameBoard.m */ = {isa = PBXFileReference; fileEncoding = 4; lastKnownFileType = sourcecode.c.objc; name = ZSFastGameBoard.m; path = Models/ZSFastGameBoard.m; sourceTree = "<group>"; };
		8428AD27154A2C2D00BA8EE0 /* ZSHintGenerator.h */ = {isa = PBXFileReference; fileEncoding = 4; lastKnownFileType = sourcecode.c.h; name = ZSHintGenerator.h; path = Models/ZSHintGenerator.h; sourceTree = "<group>"; };
		8428AD28154A2C2D00BA8EE0 /* ZSHintGenerator.m */ = {isa = PBXFileReference; fileEncoding = 4; lastKnownFileType = sourcecode.c.objc; lineEnding = 0; name = ZSHintGenerator.m; path = Models/ZSHintGenerator.m; sourceTree = "<group>"; xcLanguageSpecificationIdentifier = xcode.lang.objc; };
		8428AD33154A48F700BA8EE0 /* ZSHintViewController.h */ = {isa = PBXFileReference; fileEncoding = 4; lastKnownFileType = sourcecode.c.h; name = ZSHintViewController.h; path = "View Controllers/ZSHintViewController.h"; sourceTree = "<group>"; };
		8428AD34154A48F700BA8EE0 /* ZSHintViewController.m */ = {isa = PBXFileReference; fileEncoding = 4; lastKnownFileType = sourcecode.c.objc; name = ZSHintViewController.m; path = "View Controllers/ZSHintViewController.m"; sourceTree = "<group>"; };
		8428AD35154A48F700BA8EE0 /* ZSHintViewController.xib */ = {isa = PBXFileReference; fileEncoding = 4; lastKnownFileType = file.xib; name = ZSHintViewController.xib; path = "View Controllers/ZSHintViewController.xib"; sourceTree = "<group>"; };
		8428AD38154A498200BA8EE0 /* HintPaper@2x.png */ = {isa = PBXFileReference; lastKnownFileType = image.png; name = "HintPaper@2x.png"; path = "Resources/Images/HintPaper@2x.png"; sourceTree = "<group>"; };
		8428AD3A154A52F700BA8EE0 /* Default.png */ = {isa = PBXFileReference; lastKnownFileType = image.png; name = Default.png; path = Resources/Images/Default.png; sourceTree = "<group>"; };
		8428AD3B154A52F700BA8EE0 /* Default@2x.png */ = {isa = PBXFileReference; lastKnownFileType = image.png; name = "Default@2x.png"; path = "Resources/Images/Default@2x.png"; sourceTree = "<group>"; };
		8428AD3E154AA62600BA8EE0 /* HintPaper.png */ = {isa = PBXFileReference; lastKnownFileType = image.png; name = HintPaper.png; path = Resources/Images/HintPaper.png; sourceTree = "<group>"; };
		8428AD40154AB8FE00BA8EE0 /* ZSHintCard.h */ = {isa = PBXFileReference; fileEncoding = 4; lastKnownFileType = sourcecode.c.h; name = ZSHintCard.h; path = Models/ZSHintCard.h; sourceTree = "<group>"; };
		8428AD41154AB8FE00BA8EE0 /* ZSHintCard.m */ = {isa = PBXFileReference; fileEncoding = 4; lastKnownFileType = sourcecode.c.objc; name = ZSHintCard.m; path = Models/ZSHintCard.m; sourceTree = "<group>"; };
		8428AD49154F2D4700BA8EE0 /* ZSHintGeneratorFixIncorrectGuess.h */ = {isa = PBXFileReference; fileEncoding = 4; lastKnownFileType = sourcecode.c.h; name = ZSHintGeneratorFixIncorrectGuess.h; path = "ZenSudoku/Models/Hint Generators/ZSHintGeneratorFixIncorrectGuess.h"; sourceTree = SOURCE_ROOT; };
		8428AD4A154F2D4700BA8EE0 /* ZSHintGeneratorFixIncorrectGuess.m */ = {isa = PBXFileReference; fileEncoding = 4; lastKnownFileType = sourcecode.c.objc; name = ZSHintGeneratorFixIncorrectGuess.m; path = "ZenSudoku/Models/Hint Generators/ZSHintGeneratorFixIncorrectGuess.m"; sourceTree = SOURCE_ROOT; };
		8428AD4C154F30A300BA8EE0 /* ZSHintGeneratorNoHint.h */ = {isa = PBXFileReference; fileEncoding = 4; lastKnownFileType = sourcecode.c.h; name = ZSHintGeneratorNoHint.h; path = "ZenSudoku/Models/Hint Generators/ZSHintGeneratorNoHint.h"; sourceTree = SOURCE_ROOT; };
		8428AD4D154F30A300BA8EE0 /* ZSHintGeneratorNoHint.m */ = {isa = PBXFileReference; fileEncoding = 4; lastKnownFileType = sourcecode.c.objc; name = ZSHintGeneratorNoHint.m; path = "ZenSudoku/Models/Hint Generators/ZSHintGeneratorNoHint.m"; sourceTree = SOURCE_ROOT; };
		8428AD4F154F36A200BA8EE0 /* ZSHintGeneratorFixMissingPencil.h */ = {isa = PBXFileReference; fileEncoding = 4; lastKnownFileType = sourcecode.c.h; name = ZSHintGeneratorFixMissingPencil.h; path = "ZenSudoku/Models/Hint Generators/ZSHintGeneratorFixMissingPencil.h"; sourceTree = SOURCE_ROOT; };
		8428AD50154F36A200BA8EE0 /* ZSHintGeneratorFixMissingPencil.m */ = {isa = PBXFileReference; fileEncoding = 4; lastKnownFileType = sourcecode.c.objc; name = ZSHintGeneratorFixMissingPencil.m; path = "ZenSudoku/Models/Hint Generators/ZSHintGeneratorFixMissingPencil.m"; sourceTree = SOURCE_ROOT; };
		8435B42515456C0A00C15E87 /* PaperBackgroundCurled.png */ = {isa = PBXFileReference; lastKnownFileType = image.png; name = PaperBackgroundCurled.png; path = Resources/Images/PaperBackgroundCurled.png; sourceTree = "<group>"; };
		8435B42615456C0A00C15E87 /* PaperBackgroundCurled@2x.png */ = {isa = PBXFileReference; lastKnownFileType = image.png; name = "PaperBackgroundCurled@2x.png"; path = "Resources/Images/PaperBackgroundCurled@2x.png"; sourceTree = "<group>"; };
		843BEDEE149DC4E800D1D19B /* ZSIconNew57.png */ = {isa = PBXFileReference; lastKnownFileType = image.png; name = ZSIconNew57.png; path = Resources/Images/ZSIconNew57.png; sourceTree = "<group>"; };
		843BEDF0149DC4F100D1D19B /* ZSIconNew114.png */ = {isa = PBXFileReference; lastKnownFileType = image.png; name = ZSIconNew114.png; path = Resources/Images/ZSIconNew114.png; sourceTree = "<group>"; };
		8449D9551481D77C003F6FB3 /* ZSGameAnswerOptionsViewController.h */ = {isa = PBXFileReference; fileEncoding = 4; lastKnownFileType = sourcecode.c.h; name = ZSGameAnswerOptionsViewController.h; path = "View Controllers/ZSGameAnswerOptionsViewController.h"; sourceTree = "<group>"; };
		8449D9561481D77D003F6FB3 /* ZSGameAnswerOptionsViewController.m */ = {isa = PBXFileReference; fileEncoding = 4; lastKnownFileType = sourcecode.c.objc; name = ZSGameAnswerOptionsViewController.m; path = "View Controllers/ZSGameAnswerOptionsViewController.m"; sourceTree = "<group>"; };
		8449D9581481E518003F6FB3 /* ZSGameAnswerOptionViewController.h */ = {isa = PBXFileReference; fileEncoding = 4; lastKnownFileType = sourcecode.c.h; name = ZSGameAnswerOptionViewController.h; path = "View Controllers/ZSGameAnswerOptionViewController.h"; sourceTree = "<group>"; };
		8449D9591481E518003F6FB3 /* ZSGameAnswerOptionViewController.m */ = {isa = PBXFileReference; fileEncoding = 4; lastKnownFileType = sourcecode.c.objc; name = ZSGameAnswerOptionViewController.m; path = "View Controllers/ZSGameAnswerOptionViewController.m"; sourceTree = "<group>"; };
		8492B76014C911FF0093B7AC /* libsqlite3.0.dylib */ = {isa = PBXFileReference; lastKnownFileType = "compiled.mach-o.dylib"; name = libsqlite3.0.dylib; path = usr/lib/libsqlite3.0.dylib; sourceTree = SDKROOT; };
		8492B77214CD69B10093B7AC /* ZSPuzzleFetcher.h */ = {isa = PBXFileReference; fileEncoding = 4; lastKnownFileType = sourcecode.c.h; name = ZSPuzzleFetcher.h; path = "Model Controllers/ZSPuzzleFetcher.h"; sourceTree = "<group>"; };
		8492B77314CD69B10093B7AC /* ZSPuzzleFetcher.m */ = {isa = PBXFileReference; fileEncoding = 4; lastKnownFileType = sourcecode.c.objc; name = ZSPuzzleFetcher.m; path = "Model Controllers/ZSPuzzleFetcher.m"; sourceTree = "<group>"; };
		8492B78714CEBDC80093B7AC /* Sudoku.db3 */ = {isa = PBXFileReference; lastKnownFileType = file; path = Sudoku.db3; sourceTree = "<group>"; };
		8494BE6914FAACCC00010233 /* Board.png */ = {isa = PBXFileReference; lastKnownFileType = image.png; name = Board.png; path = Resources/Images/Board.png; sourceTree = "<group>"; };
		8494BE6A14FAACCC00010233 /* Board@2x.png */ = {isa = PBXFileReference; lastKnownFileType = image.png; name = "Board@2x.png"; path = "Resources/Images/Board@2x.png"; sourceTree = "<group>"; };
		8494BE6F14FB117100010233 /* Pencil@2x.png */ = {isa = PBXFileReference; lastKnownFileType = image.png; name = "Pencil@2x.png"; path = "Resources/Images/Pencil@2x.png"; sourceTree = "<group>"; };
		8494BE7014FB117100010233 /* PencilSelected@2x.png */ = {isa = PBXFileReference; lastKnownFileType = image.png; name = "PencilSelected@2x.png"; path = "Resources/Images/PencilSelected@2x.png"; sourceTree = "<group>"; };
		8499295E155BA8B900D82D34 /* ZSHintGeneratorSolveOnlyChoice.h */ = {isa = PBXFileReference; fileEncoding = 4; lastKnownFileType = sourcecode.c.h; name = ZSHintGeneratorSolveOnlyChoice.h; path = "ZenSudoku/Models/Hint Generators/ZSHintGeneratorSolveOnlyChoice.h"; sourceTree = SOURCE_ROOT; };
		8499295F155BA8B900D82D34 /* ZSHintGeneratorSolveOnlyChoice.m */ = {isa = PBXFileReference; fileEncoding = 4; lastKnownFileType = sourcecode.c.objc; name = ZSHintGeneratorSolveOnlyChoice.m; path = "ZenSudoku/Models/Hint Generators/ZSHintGeneratorSolveOnlyChoice.m"; sourceTree = SOURCE_ROOT; };
		84992962155F0C9700D82D34 /* ZSHintGeneratorSolveSinglePossibility.h */ = {isa = PBXFileReference; fileEncoding = 4; lastKnownFileType = sourcecode.c.h; name = ZSHintGeneratorSolveSinglePossibility.h; path = "ZenSudoku/Models/Hint Generators/ZSHintGeneratorSolveSinglePossibility.h"; sourceTree = SOURCE_ROOT; };
		84992963155F0C9700D82D34 /* ZSHintGeneratorSolveSinglePossibility.m */ = {isa = PBXFileReference; fileEncoding = 4; lastKnownFileType = sourcecode.c.objc; name = ZSHintGeneratorSolveSinglePossibility.m; path = "ZenSudoku/Models/Hint Generators/ZSHintGeneratorSolveSinglePossibility.m"; sourceTree = SOURCE_ROOT; };
		849B69BD14F24D6100870F09 /* GameKit.framework */ = {isa = PBXFileReference; lastKnownFileType = wrapper.framework; name = GameKit.framework; path = System/Library/Frameworks/GameKit.framework; sourceTree = SDKROOT; };
		849B69D514F263AB00870F09 /* ReklameScript-Black.ttf */ = {isa = PBXFileReference; lastKnownFileType = file; path = "ReklameScript-Black.ttf"; sourceTree = "<group>"; };
		849B69D614F263AB00870F09 /* ReklameScript-Bold.ttf */ = {isa = PBXFileReference; lastKnownFileType = file; path = "ReklameScript-Bold.ttf"; sourceTree = "<group>"; };
		849B69D714F263AB00870F09 /* ReklameScript-Medium.ttf */ = {isa = PBXFileReference; lastKnownFileType = file; path = "ReklameScript-Medium.ttf"; sourceTree = "<group>"; };
		849B69D814F263AB00870F09 /* ReklameScript-Regular.ttf */ = {isa = PBXFileReference; lastKnownFileType = file; path = "ReklameScript-Regular.ttf"; sourceTree = "<group>"; };
		849B69EE14F2666400870F09 /* PaperBackground.png */ = {isa = PBXFileReference; lastKnownFileType = image.png; name = PaperBackground.png; path = Resources/Images/PaperBackground.png; sourceTree = "<group>"; };
		849B69EF14F2666400870F09 /* PaperBackground@2x.png */ = {isa = PBXFileReference; lastKnownFileType = image.png; name = "PaperBackground@2x.png"; path = "Resources/Images/PaperBackground@2x.png"; sourceTree = "<group>"; };
		84A0974A1548B22D0082C9D0 /* AutoPencil.png */ = {isa = PBXFileReference; lastKnownFileType = image.png; name = AutoPencil.png; path = Resources/Images/AutoPencil.png; sourceTree = "<group>"; };
		84A0974B1548B22D0082C9D0 /* AutoPencil@2x.png */ = {isa = PBXFileReference; lastKnownFileType = image.png; name = "AutoPencil@2x.png"; path = "Resources/Images/AutoPencil@2x.png"; sourceTree = "<group>"; };
		84A0974C1548B22D0082C9D0 /* AutoPencilHighlighted.png */ = {isa = PBXFileReference; lastKnownFileType = image.png; name = AutoPencilHighlighted.png; path = Resources/Images/AutoPencilHighlighted.png; sourceTree = "<group>"; };
		84A0974D1548B22D0082C9D0 /* AutoPencilHighlighted@2x.png */ = {isa = PBXFileReference; lastKnownFileType = image.png; name = "AutoPencilHighlighted@2x.png"; path = "Resources/Images/AutoPencilHighlighted@2x.png"; sourceTree = "<group>"; };
		84A0974E1548B22D0082C9D0 /* Hints.png */ = {isa = PBXFileReference; lastKnownFileType = image.png; name = Hints.png; path = Resources/Images/Hints.png; sourceTree = "<group>"; };
		84A0974F1548B22D0082C9D0 /* Hints@2x.png */ = {isa = PBXFileReference; lastKnownFileType = image.png; name = "Hints@2x.png"; path = "Resources/Images/Hints@2x.png"; sourceTree = "<group>"; };
		84A097501548B22D0082C9D0 /* HintsHighlighted.png */ = {isa = PBXFileReference; lastKnownFileType = image.png; name = HintsHighlighted.png; path = Resources/Images/HintsHighlighted.png; sourceTree = "<group>"; };
		84A097511548B22D0082C9D0 /* HintsHighlighted@2x.png */ = {isa = PBXFileReference; lastKnownFileType = image.png; name = "HintsHighlighted@2x.png"; path = "Resources/Images/HintsHighlighted@2x.png"; sourceTree = "<group>"; };
		84A0975D1549DDE40082C9D0 /* ZSGameBookViewController.h */ = {isa = PBXFileReference; fileEncoding = 4; lastKnownFileType = sourcecode.c.h; name = ZSGameBookViewController.h; path = "View Controllers/ZSGameBookViewController.h"; sourceTree = "<group>"; };
		84A0975E1549DDE40082C9D0 /* ZSGameBookViewController.m */ = {isa = PBXFileReference; fileEncoding = 4; lastKnownFileType = sourcecode.c.objc; name = ZSGameBookViewController.m; path = "View Controllers/ZSGameBookViewController.m"; sourceTree = "<group>"; };
		84AC26C61480950F00E966A5 /* ZSGameBoardViewController.h */ = {isa = PBXFileReference; fileEncoding = 4; lastKnownFileType = sourcecode.c.h; name = ZSGameBoardViewController.h; path = "View Controllers/ZSGameBoardViewController.h"; sourceTree = "<group>"; };
		84AC26C71480950F00E966A5 /* ZSGameBoardViewController.m */ = {isa = PBXFileReference; fileEncoding = 4; lastKnownFileType = sourcecode.c.objc; name = ZSGameBoardViewController.m; path = "View Controllers/ZSGameBoardViewController.m"; sourceTree = "<group>"; };
		84AC26CB1480986900E966A5 /* ZSGameBoardTileViewController.h */ = {isa = PBXFileReference; fileEncoding = 4; lastKnownFileType = sourcecode.c.h; name = ZSGameBoardTileViewController.h; path = "View Controllers/ZSGameBoardTileViewController.h"; sourceTree = "<group>"; };
		84AC26CC1480986900E966A5 /* ZSGameBoardTileViewController.m */ = {isa = PBXFileReference; fileEncoding = 4; lastKnownFileType = sourcecode.c.objc; name = ZSGameBoardTileViewController.m; path = "View Controllers/ZSGameBoardTileViewController.m"; sourceTree = "<group>"; };
		84AC26DB1480D9C700E966A5 /* ZSGame.h */ = {isa = PBXFileReference; fileEncoding = 4; lastKnownFileType = sourcecode.c.h; lineEnding = 0; name = ZSGame.h; path = Models/ZSGame.h; sourceTree = "<group>"; xcLanguageSpecificationIdentifier = xcode.lang.objcpp; };
		84AC26DC1480D9C700E966A5 /* ZSGame.m */ = {isa = PBXFileReference; fileEncoding = 4; lastKnownFileType = sourcecode.c.objc; lineEnding = 0; name = ZSGame.m; path = Models/ZSGame.m; sourceTree = "<group>"; xcLanguageSpecificationIdentifier = xcode.lang.objc; };
		84AC26DE1480DDBA00E966A5 /* ZSGameTile.h */ = {isa = PBXFileReference; fileEncoding = 4; lastKnownFileType = sourcecode.c.h; name = ZSGameTile.h; path = Models/ZSGameTile.h; sourceTree = "<group>"; };
		84AC26DF1480DDBA00E966A5 /* ZSGameTile.m */ = {isa = PBXFileReference; fileEncoding = 4; lastKnownFileType = sourcecode.c.objc; name = ZSGameTile.m; path = Models/ZSGameTile.m; sourceTree = "<group>"; };
		84AC26E21480EB7D00E966A5 /* ZSGameController.h */ = {isa = PBXFileReference; fileEncoding = 4; lastKnownFileType = sourcecode.c.h; name = ZSGameController.h; path = "Model Controllers/ZSGameController.h"; sourceTree = "<group>"; };
		84AC26E31480EB7D00E966A5 /* ZSGameController.m */ = {isa = PBXFileReference; fileEncoding = 4; lastKnownFileType = sourcecode.c.objc; name = ZSGameController.m; path = "Model Controllers/ZSGameController.m"; sourceTree = "<group>"; };
		84AC6B3F1508B35F00C2F192 /* UIColor+ColorWithHex.h */ = {isa = PBXFileReference; fileEncoding = 4; lastKnownFileType = sourcecode.c.h; name = "UIColor+ColorWithHex.h"; path = "External/UIColor+ColorWithHex/UIColor+ColorWithHex.h"; sourceTree = "<group>"; };
		84AC6B401508B35F00C2F192 /* UIColor+ColorWithHex.m */ = {isa = PBXFileReference; fileEncoding = 4; lastKnownFileType = sourcecode.c.objc; name = "UIColor+ColorWithHex.m"; path = "External/UIColor+ColorWithHex/UIColor+ColorWithHex.m"; sourceTree = "<group>"; };
		84B300F2148AF6FD00E568CE /* ZSGameHistoryEntry.h */ = {isa = PBXFileReference; fileEncoding = 4; lastKnownFileType = sourcecode.c.h; name = ZSGameHistoryEntry.h; path = Models/ZSGameHistoryEntry.h; sourceTree = "<group>"; };
		84B300F3148AF6FD00E568CE /* ZSGameHistoryEntry.m */ = {isa = PBXFileReference; fileEncoding = 4; lastKnownFileType = sourcecode.c.objc; name = ZSGameHistoryEntry.m; path = Models/ZSGameHistoryEntry.m; sourceTree = "<group>"; };
		84C6110714D94414003358FE /* ZSInstructionsRootViewController.h */ = {isa = PBXFileReference; fileEncoding = 4; lastKnownFileType = sourcecode.c.h; name = ZSInstructionsRootViewController.h; path = "View Controllers/ZSInstructionsRootViewController.h"; sourceTree = "<group>"; };
		84C6110814D94414003358FE /* ZSInstructionsRootViewController.m */ = {isa = PBXFileReference; fileEncoding = 4; lastKnownFileType = sourcecode.c.objc; name = ZSInstructionsRootViewController.m; path = "View Controllers/ZSInstructionsRootViewController.m"; sourceTree = "<group>"; };
		84C6110914D94414003358FE /* ZSInstructionsRootViewController.xib */ = {isa = PBXFileReference; fileEncoding = 4; lastKnownFileType = file.xib; name = ZSInstructionsRootViewController.xib; path = "View Controllers/ZSInstructionsRootViewController.xib"; sourceTree = "<group>"; };
		84D1CB07156EE5A60027230B /* ZSHintGeneratorEliminatePencilsNakedSubgroup.h */ = {isa = PBXFileReference; fileEncoding = 4; lastKnownFileType = sourcecode.c.h; lineEnding = 0; name = ZSHintGeneratorEliminatePencilsNakedSubgroup.h; path = "ZenSudoku/Models/Hint Generators/ZSHintGeneratorEliminatePencilsNakedSubgroup.h"; sourceTree = SOURCE_ROOT; xcLanguageSpecificationIdentifier = xcode.lang.objcpp; };
		84D1CB08156EE5A60027230B /* ZSHintGeneratorEliminatePencilsNakedSubgroup.m */ = {isa = PBXFileReference; fileEncoding = 4; lastKnownFileType = sourcecode.c.objc; lineEnding = 0; name = ZSHintGeneratorEliminatePencilsNakedSubgroup.m; path = "ZenSudoku/Models/Hint Generators/ZSHintGeneratorEliminatePencilsNakedSubgroup.m"; sourceTree = SOURCE_ROOT; xcLanguageSpecificationIdentifier = xcode.lang.objc; };
		84D1CB0F15703CAF0027230B /* ZSHintGeneratorEliminatePencilsHiddenSubgroup.h */ = {isa = PBXFileReference; fileEncoding = 4; lastKnownFileType = sourcecode.c.h; name = ZSHintGeneratorEliminatePencilsHiddenSubgroup.h; path = "ZenSudoku/Models/Hint Generators/ZSHintGeneratorEliminatePencilsHiddenSubgroup.h"; sourceTree = SOURCE_ROOT; };
		84D1CB1015703CB00027230B /* ZSHintGeneratorEliminatePencilsHiddenSubgroup.m */ = {isa = PBXFileReference; fileEncoding = 4; lastKnownFileType = sourcecode.c.objc; name = ZSHintGeneratorEliminatePencilsHiddenSubgroup.m; path = "ZenSudoku/Models/Hint Generators/ZSHintGeneratorEliminatePencilsHiddenSubgroup.m"; sourceTree = SOURCE_ROOT; };
		84D1CB121571829D0027230B /* ZSHintGeneratorEliminatePencilsPointingPairs.h */ = {isa = PBXFileReference; fileEncoding = 4; lastKnownFileType = sourcecode.c.h; name = ZSHintGeneratorEliminatePencilsPointingPairs.h; path = "ZenSudoku/Models/Hint Generators/ZSHintGeneratorEliminatePencilsPointingPairs.h"; sourceTree = SOURCE_ROOT; };
		84D1CB131571829E0027230B /* ZSHintGeneratorEliminatePencilsPointingPairs.m */ = {isa = PBXFileReference; fileEncoding = 4; lastKnownFileType = sourcecode.c.objc; name = ZSHintGeneratorEliminatePencilsPointingPairs.m; path = "ZenSudoku/Models/Hint Generators/ZSHintGeneratorEliminatePencilsPointingPairs.m"; sourceTree = SOURCE_ROOT; };
		84D5500F147F1C4A00A7934E /* ZenSudoku.app */ = {isa = PBXFileReference; explicitFileType = wrapper.application; includeInIndex = 0; path = ZenSudoku.app; sourceTree = BUILT_PRODUCTS_DIR; };
		84D55013147F1C4A00A7934E /* UIKit.framework */ = {isa = PBXFileReference; lastKnownFileType = wrapper.framework; name = UIKit.framework; path = System/Library/Frameworks/UIKit.framework; sourceTree = SDKROOT; };
		84D55015147F1C4A00A7934E /* Foundation.framework */ = {isa = PBXFileReference; lastKnownFileType = wrapper.framework; name = Foundation.framework; path = System/Library/Frameworks/Foundation.framework; sourceTree = SDKROOT; };
		84D55017147F1C4A00A7934E /* CoreGraphics.framework */ = {isa = PBXFileReference; lastKnownFileType = wrapper.framework; name = CoreGraphics.framework; path = System/Library/Frameworks/CoreGraphics.framework; sourceTree = SDKROOT; };
		84D5501B147F1C4A00A7934E /* ZenSudoku-Info.plist */ = {isa = PBXFileReference; lastKnownFileType = text.plist.xml; path = "ZenSudoku-Info.plist"; sourceTree = "<group>"; };
		84D5501D147F1C4A00A7934E /* en */ = {isa = PBXFileReference; lastKnownFileType = text.plist.strings; name = en; path = en.lproj/InfoPlist.strings; sourceTree = "<group>"; };
		84D5501F147F1C4A00A7934E /* main.m */ = {isa = PBXFileReference; lastKnownFileType = sourcecode.c.objc; path = main.m; sourceTree = "<group>"; };
		84D55021147F1C4A00A7934E /* ZenSudoku-Prefix.pch */ = {isa = PBXFileReference; lastKnownFileType = sourcecode.c.h; path = "ZenSudoku-Prefix.pch"; sourceTree = "<group>"; };
		84D55022147F1C4A00A7934E /* ZSAppDelegate.h */ = {isa = PBXFileReference; lastKnownFileType = sourcecode.c.h; path = ZSAppDelegate.h; sourceTree = "<group>"; };
		84D55023147F1C4A00A7934E /* ZSAppDelegate.m */ = {isa = PBXFileReference; lastKnownFileType = sourcecode.c.objc; path = ZSAppDelegate.m; sourceTree = "<group>"; };
		84D5503A147F1C4B00A7934E /* SenTestingKit.framework */ = {isa = PBXFileReference; lastKnownFileType = wrapper.framework; name = SenTestingKit.framework; path = Library/Frameworks/SenTestingKit.framework; sourceTree = DEVELOPER_DIR; };
		84D55059147F227C00A7934E /* ZSMainMenuViewController.h */ = {isa = PBXFileReference; fileEncoding = 4; lastKnownFileType = sourcecode.c.h; name = ZSMainMenuViewController.h; path = "View Controllers/ZSMainMenuViewController.h"; sourceTree = "<group>"; };
		84D5505A147F227C00A7934E /* ZSMainMenuViewController.m */ = {isa = PBXFileReference; fileEncoding = 4; lastKnownFileType = sourcecode.c.objc; name = ZSMainMenuViewController.m; path = "View Controllers/ZSMainMenuViewController.m"; sourceTree = "<group>"; };
		84D55063147F2EFA00A7934E /* ZSNewGameOptionsViewController.h */ = {isa = PBXFileReference; fileEncoding = 4; lastKnownFileType = sourcecode.c.h; name = ZSNewGameOptionsViewController.h; path = "View Controllers/ZSNewGameOptionsViewController.h"; sourceTree = "<group>"; };
		84D55064147F2EFA00A7934E /* ZSNewGameOptionsViewController.m */ = {isa = PBXFileReference; fileEncoding = 4; lastKnownFileType = sourcecode.c.objc; name = ZSNewGameOptionsViewController.m; path = "View Controllers/ZSNewGameOptionsViewController.m"; sourceTree = "<group>"; };
		84D55067147F3D7400A7934E /* ZSGameViewController.h */ = {isa = PBXFileReference; fileEncoding = 4; lastKnownFileType = sourcecode.c.h; name = ZSGameViewController.h; path = "View Controllers/ZSGameViewController.h"; sourceTree = "<group>"; };
		84D55068147F3D7400A7934E /* ZSGameViewController.m */ = {isa = PBXFileReference; fileEncoding = 4; lastKnownFileType = sourcecode.c.objc; name = ZSGameViewController.m; path = "View Controllers/ZSGameViewController.m"; sourceTree = "<group>"; };
		84EE86261494ADEA004C0A16 /* ZenSudokuLogicTests.octest */ = {isa = PBXFileReference; explicitFileType = wrapper.cfbundle; includeInIndex = 0; path = ZenSudokuLogicTests.octest; sourceTree = BUILT_PRODUCTS_DIR; };
		84EE862C1494ADEA004C0A16 /* ZenSudokuLogicTests-Info.plist */ = {isa = PBXFileReference; lastKnownFileType = text.plist.xml; path = "ZenSudokuLogicTests-Info.plist"; sourceTree = "<group>"; };
		84EE862E1494ADEA004C0A16 /* en */ = {isa = PBXFileReference; lastKnownFileType = text.plist.strings; name = en; path = en.lproj/InfoPlist.strings; sourceTree = "<group>"; };
		84EE86331494ADEA004C0A16 /* ZenSudokuLogicTests-Prefix.pch */ = {isa = PBXFileReference; lastKnownFileType = sourcecode.c.h; path = "ZenSudokuLogicTests-Prefix.pch"; sourceTree = "<group>"; };
		84F9EFFC1495CC81003DD297 /* ZSGameBoard.h */ = {isa = PBXFileReference; fileEncoding = 4; lastKnownFileType = sourcecode.c.h; name = ZSGameBoard.h; path = Models/ZSGameBoard.h; sourceTree = "<group>"; };
		84F9EFFD1495CC81003DD297 /* ZSGameBoard.m */ = {isa = PBXFileReference; fileEncoding = 4; lastKnownFileType = sourcecode.c.objc; name = ZSGameBoard.m; path = Models/ZSGameBoard.m; sourceTree = "<group>"; };
/* End PBXFileReference section */

/* Begin PBXFrameworksBuildPhase section */
		84D5500C147F1C4A00A7934E /* Frameworks */ = {
			isa = PBXFrameworksBuildPhase;
			buildActionMask = 2147483647;
			files = (
				8492B76114C911FF0093B7AC /* libsqlite3.0.dylib in Frameworks */,
				841F854714C2651700DFFABC /* MessageUI.framework in Frameworks */,
				84D55014147F1C4A00A7934E /* UIKit.framework in Frameworks */,
				84D55016147F1C4A00A7934E /* Foundation.framework in Frameworks */,
				84D55018147F1C4A00A7934E /* CoreGraphics.framework in Frameworks */,
				849B69BE14F24D6100870F09 /* GameKit.framework in Frameworks */,
				840216ED1538F11400B16131 /* libTestFlight.a in Frameworks */,
				840216EF1538F15B00B16131 /* libz.dylib in Frameworks */,
			);
			runOnlyForDeploymentPostprocessing = 0;
		};
		84EE86221494ADEA004C0A16 /* Frameworks */ = {
			isa = PBXFrameworksBuildPhase;
			buildActionMask = 2147483647;
			files = (
				84EE86271494ADEA004C0A16 /* SenTestingKit.framework in Frameworks */,
				84EE86281494ADEA004C0A16 /* UIKit.framework in Frameworks */,
				84EE86291494ADEA004C0A16 /* Foundation.framework in Frameworks */,
			);
			runOnlyForDeploymentPostprocessing = 0;
		};
/* End PBXFrameworksBuildPhase section */

/* Begin PBXGroup section */
		840216E41538EAAD00B16131 /* TestFlightSDK1.0 */ = {
			isa = PBXGroup;
			children = (
				840216E51538EAAD00B16131 /* libTestFlight.a */,
				840216E61538EAAD00B16131 /* README.txt */,
				840216E71538EAAD00B16131 /* release_notes.txt */,
				840216E81538EAAD00B16131 /* TestFlight.h */,
			);
			name = TestFlightSDK1.0;
			path = External/TestFlightSDK1.0;
			sourceTree = "<group>";
		};
		841F850314C25F4D00DFFABC /* Settings */ = {
			isa = PBXGroup;
			children = (
				841F850114C25F2D00DFFABC /* Settings.bundle */,
			);
			name = Settings;
			sourceTree = "<group>";
		};
		841F850414C2601500DFFABC /* InAppSettingsKit */ = {
			isa = PBXGroup;
			children = (
				8426A75514ED1656006DAD1C /* Controllers */,
				8426A75C14ED1656006DAD1C /* Models */,
				8426A76714ED1656006DAD1C /* Views */,
				8426A77614ED1656006DAD1C /* Xibs */,
			);
			path = InAppSettingsKit;
			sourceTree = "<group>";
		};
		8426A75514ED1656006DAD1C /* Controllers */ = {
			isa = PBXGroup;
			children = (
				8426A75614ED1656006DAD1C /* IASKAppSettingsViewController.h */,
				8426A75714ED1656006DAD1C /* IASKAppSettingsViewController.m */,
				8426A75814ED1656006DAD1C /* IASKAppSettingsWebViewController.h */,
				8426A75914ED1656006DAD1C /* IASKAppSettingsWebViewController.m */,
				8426A75A14ED1656006DAD1C /* IASKSpecifierValuesViewController.h */,
				8426A75B14ED1656006DAD1C /* IASKSpecifierValuesViewController.m */,
			);
			name = Controllers;
			path = ZenSudoku/External/InAppSettingsKit/Controllers;
			sourceTree = SOURCE_ROOT;
		};
		8426A75C14ED1656006DAD1C /* Models */ = {
			isa = PBXGroup;
			children = (
				8426A75D14ED1656006DAD1C /* IASKSettingsReader.h */,
				8426A75E14ED1656006DAD1C /* IASKSettingsReader.m */,
				8426A75F14ED1656006DAD1C /* IASKSettingsStore.h */,
				8426A76014ED1656006DAD1C /* IASKSettingsStore.m */,
				8426A76114ED1656006DAD1C /* IASKSettingsStoreFile.h */,
				8426A76214ED1656006DAD1C /* IASKSettingsStoreFile.m */,
				8426A76314ED1656006DAD1C /* IASKSettingsStoreUserDefaults.h */,
				8426A76414ED1656006DAD1C /* IASKSettingsStoreUserDefaults.m */,
				8426A76514ED1656006DAD1C /* IASKSpecifier.h */,
				8426A76614ED1656006DAD1C /* IASKSpecifier.m */,
			);
			name = Models;
			path = ZenSudoku/External/InAppSettingsKit/Models;
			sourceTree = SOURCE_ROOT;
		};
		8426A76714ED1656006DAD1C /* Views */ = {
			isa = PBXGroup;
			children = (
				8426A76814ED1656006DAD1C /* IASKPSSliderSpecifierViewCell.h */,
				8426A76914ED1656006DAD1C /* IASKPSSliderSpecifierViewCell.m */,
				8426A76A14ED1656006DAD1C /* IASKPSTextFieldSpecifierViewCell.h */,
				8426A76B14ED1656006DAD1C /* IASKPSTextFieldSpecifierViewCell.m */,
				8426A76C14ED1656006DAD1C /* IASKPSTitleValueSpecifierViewCell.h */,
				8426A76D14ED1656006DAD1C /* IASKPSTitleValueSpecifierViewCell.m */,
				8426A76E14ED1656006DAD1C /* IASKPSToggleSwitchSpecifierViewCell.h */,
				8426A76F14ED1656006DAD1C /* IASKPSToggleSwitchSpecifierViewCell.m */,
				8426A77014ED1656006DAD1C /* IASKSlider.h */,
				8426A77114ED1656006DAD1C /* IASKSlider.m */,
				8426A77214ED1656006DAD1C /* IASKSwitch.h */,
				8426A77314ED1656006DAD1C /* IASKSwitch.m */,
				8426A77414ED1656006DAD1C /* IASKTextField.h */,
				8426A77514ED1656006DAD1C /* IASKTextField.m */,
			);
			name = Views;
			path = ZenSudoku/External/InAppSettingsKit/Views;
			sourceTree = SOURCE_ROOT;
		};
		8426A77614ED1656006DAD1C /* Xibs */ = {
			isa = PBXGroup;
			children = (
				8426A77714ED1656006DAD1C /* IASKAppSettingsView.xib */,
				8426A77814ED1656006DAD1C /* IASKAppSettingsWebView.xib */,
				8426A77914ED1656006DAD1C /* IASKPSSliderSpecifierViewCell.xib */,
				8426A77A14ED1656006DAD1C /* IASKPSTextFieldSpecifierViewCell.xib */,
				8426A77B14ED1656006DAD1C /* IASKPSToggleSwitchSpecifierViewCell.xib */,
				8426A77C14ED1656006DAD1C /* IASKSpecifierValuesView.xib */,
			);
			name = Xibs;
			path = ZenSudoku/External/InAppSettingsKit/Xibs;
			sourceTree = SOURCE_ROOT;
		};
		8426A79614ED16A3006DAD1C /* FMDB */ = {
			isa = PBXGroup;
			children = (
				8426A79714ED16A3006DAD1C /* FMDatabase.h */,
				8426A79814ED16A3006DAD1C /* FMDatabase.m */,
				8426A79914ED16A3006DAD1C /* FMDatabaseAdditions.h */,
				8426A79A14ED16A3006DAD1C /* FMDatabaseAdditions.m */,
				8426A79B14ED16A3006DAD1C /* FMResultSet.h */,
				8426A79C14ED16A3006DAD1C /* FMResultSet.m */,
			);
			name = FMDB;
			path = External/FMDB;
			sourceTree = "<group>";
		};
		8428AD22154A2C2D00BA8EE0 /* Logic Technique Hint Generators */ = {
			isa = PBXGroup;
			children = (
				8428AD49154F2D4700BA8EE0 /* ZSHintGeneratorFixIncorrectGuess.h */,
				8428AD4A154F2D4700BA8EE0 /* ZSHintGeneratorFixIncorrectGuess.m */,
				8428AD4F154F36A200BA8EE0 /* ZSHintGeneratorFixMissingPencil.h */,
				8428AD50154F36A200BA8EE0 /* ZSHintGeneratorFixMissingPencil.m */,
				8428AD4C154F30A300BA8EE0 /* ZSHintGeneratorNoHint.h */,
				8428AD4D154F30A300BA8EE0 /* ZSHintGeneratorNoHint.m */,
				8499295E155BA8B900D82D34 /* ZSHintGeneratorSolveOnlyChoice.h */,
				8499295F155BA8B900D82D34 /* ZSHintGeneratorSolveOnlyChoice.m */,
				84992962155F0C9700D82D34 /* ZSHintGeneratorSolveSinglePossibility.h */,
				84992963155F0C9700D82D34 /* ZSHintGeneratorSolveSinglePossibility.m */,
				84D1CB07156EE5A60027230B /* ZSHintGeneratorEliminatePencilsNakedSubgroup.h */,
				84D1CB08156EE5A60027230B /* ZSHintGeneratorEliminatePencilsNakedSubgroup.m */,
				84D1CB0F15703CAF0027230B /* ZSHintGeneratorEliminatePencilsHiddenSubgroup.h */,
				84D1CB1015703CB00027230B /* ZSHintGeneratorEliminatePencilsHiddenSubgroup.m */,
				84D1CB121571829D0027230B /* ZSHintGeneratorEliminatePencilsPointingPairs.h */,
				84D1CB131571829E0027230B /* ZSHintGeneratorEliminatePencilsPointingPairs.m */,
			);
			name = "Logic Technique Hint Generators";
			path = "Sudoku Solving Utilities";
			sourceTree = "<group>";
		};
		8449D95B14833649003F6FB3 /* External */ = {
			isa = PBXGroup;
			children = (
				84AC6B3D1508B2D000C2F192 /* UIColor+ColorWithHex */,
				8426A79614ED16A3006DAD1C /* FMDB */,
				840216E41538EAAD00B16131 /* TestFlightSDK1.0 */,
				841F850414C2601500DFFABC /* InAppSettingsKit */,
			);
			name = External;
			sourceTree = "<group>";
		};
		8492B78414CEAE7A0093B7AC /* Databases */ = {
			isa = PBXGroup;
			children = (
				8492B78714CEBDC80093B7AC /* Sudoku.db3 */,
			);
			name = Databases;
			sourceTree = "<group>";
		};
		849B69D414F263AB00870F09 /* Fonts */ = {
			isa = PBXGroup;
			children = (
				849B69D514F263AB00870F09 /* ReklameScript-Black.ttf */,
				849B69D614F263AB00870F09 /* ReklameScript-Bold.ttf */,
				849B69D714F263AB00870F09 /* ReklameScript-Medium.ttf */,
				849B69D814F263AB00870F09 /* ReklameScript-Regular.ttf */,
			);
			name = Fonts;
			path = Resources/Fonts;
			sourceTree = "<group>";
		};
		84AC26C21480834B00E966A5 /* Resources */ = {
			isa = PBXGroup;
			children = (
				849B69D414F263AB00870F09 /* Fonts */,
				8492B78414CEAE7A0093B7AC /* Databases */,
				841F850314C25F4D00DFFABC /* Settings */,
				84AC26C31480835600E966A5 /* Images */,
			);
			name = Resources;
			sourceTree = "<group>";
		};
		84AC26C31480835600E966A5 /* Images */ = {
			isa = PBXGroup;
			children = (
				849B69EE14F2666400870F09 /* PaperBackground.png */,
				849B69EF14F2666400870F09 /* PaperBackground@2x.png */,
				8435B42515456C0A00C15E87 /* PaperBackgroundCurled.png */,
				8435B42615456C0A00C15E87 /* PaperBackgroundCurled@2x.png */,
				8428AD3A154A52F700BA8EE0 /* Default.png */,
				8428AD3B154A52F700BA8EE0 /* Default@2x.png */,
				8494BE6914FAACCC00010233 /* Board.png */,
				8494BE6A14FAACCC00010233 /* Board@2x.png */,
				8494BE6F14FB117100010233 /* Pencil@2x.png */,
				8494BE7014FB117100010233 /* PencilSelected@2x.png */,
				843BEDF0149DC4F100D1D19B /* ZSIconNew114.png */,
				843BEDEE149DC4E800D1D19B /* ZSIconNew57.png */,
				84A0974A1548B22D0082C9D0 /* AutoPencil.png */,
				84A0974B1548B22D0082C9D0 /* AutoPencil@2x.png */,
				84A0974C1548B22D0082C9D0 /* AutoPencilHighlighted.png */,
				84A0974D1548B22D0082C9D0 /* AutoPencilHighlighted@2x.png */,
				84A0974E1548B22D0082C9D0 /* Hints.png */,
				84A0974F1548B22D0082C9D0 /* Hints@2x.png */,
				84A097501548B22D0082C9D0 /* HintsHighlighted.png */,
				84A097511548B22D0082C9D0 /* HintsHighlighted@2x.png */,
				8428AD3E154AA62600BA8EE0 /* HintPaper.png */,
				8428AD38154A498200BA8EE0 /* HintPaper@2x.png */,
			);
			name = Images;
			sourceTree = "<group>";
		};
		84AC26D71480D52000E966A5 /* Models */ = {
			isa = PBXGroup;
			children = (
				84AC26DB1480D9C700E966A5 /* ZSGame.h */,
				84AC26DC1480D9C700E966A5 /* ZSGame.m */,
				84F9EFFC1495CC81003DD297 /* ZSGameBoard.h */,
				84F9EFFD1495CC81003DD297 /* ZSGameBoard.m */,
				84AC26DE1480DDBA00E966A5 /* ZSGameTile.h */,
				84AC26DF1480DDBA00E966A5 /* ZSGameTile.m */,
				84B300F2148AF6FD00E568CE /* ZSGameHistoryEntry.h */,
				84B300F3148AF6FD00E568CE /* ZSGameHistoryEntry.m */,
				8428AD27154A2C2D00BA8EE0 /* ZSHintGenerator.h */,
				8428AD28154A2C2D00BA8EE0 /* ZSHintGenerator.m */,
				8428AD40154AB8FE00BA8EE0 /* ZSHintCard.h */,
				8428AD41154AB8FE00BA8EE0 /* ZSHintCard.m */,
				8428AD23154A2C2D00BA8EE0 /* ZSFastGameBoard.h */,
				8428AD24154A2C2D00BA8EE0 /* ZSFastGameBoard.m */,
				8428AD22154A2C2D00BA8EE0 /* Logic Technique Hint Generators */,
			);
			name = Models;
			sourceTree = "<group>";
		};
		84AC26E11480EB5E00E966A5 /* Model Controllers */ = {
			isa = PBXGroup;
			children = (
				84AC26E21480EB7D00E966A5 /* ZSGameController.h */,
				84AC26E31480EB7D00E966A5 /* ZSGameController.m */,
				841F854814C40F5500DFFABC /* ZSStatisticsController.h */,
				841F854914C40F5500DFFABC /* ZSStatisticsController.m */,
				8492B77214CD69B10093B7AC /* ZSPuzzleFetcher.h */,
				8492B77314CD69B10093B7AC /* ZSPuzzleFetcher.m */,
			);
			name = "Model Controllers";
			sourceTree = "<group>";
		};
		84AC6B3D1508B2D000C2F192 /* UIColor+ColorWithHex */ = {
			isa = PBXGroup;
			children = (
				84AC6B3F1508B35F00C2F192 /* UIColor+ColorWithHex.h */,
				84AC6B401508B35F00C2F192 /* UIColor+ColorWithHex.m */,
			);
			name = "UIColor+ColorWithHex";
			sourceTree = "<group>";
		};
		84D55004147F1C4A00A7934E = {
			isa = PBXGroup;
			children = (
				84D55019147F1C4A00A7934E /* ZenSudoku */,
				84EE862A1494ADEA004C0A16 /* ZenSudokuLogicTests */,
				84D55012147F1C4A00A7934E /* Frameworks */,
				84D55010147F1C4A00A7934E /* Products */,
			);
			sourceTree = "<group>";
		};
		84D55010147F1C4A00A7934E /* Products */ = {
			isa = PBXGroup;
			children = (
				84D5500F147F1C4A00A7934E /* ZenSudoku.app */,
				84EE86261494ADEA004C0A16 /* ZenSudokuLogicTests.octest */,
			);
			name = Products;
			sourceTree = "<group>";
		};
		84D55012147F1C4A00A7934E /* Frameworks */ = {
			isa = PBXGroup;
			children = (
				8492B76014C911FF0093B7AC /* libsqlite3.0.dylib */,
				840216EE1538F15B00B16131 /* libz.dylib */,
				849B69BD14F24D6100870F09 /* GameKit.framework */,
				841F854614C2651600DFFABC /* MessageUI.framework */,
				84D55013147F1C4A00A7934E /* UIKit.framework */,
				84D55015147F1C4A00A7934E /* Foundation.framework */,
				84D55017147F1C4A00A7934E /* CoreGraphics.framework */,
				84D5503A147F1C4B00A7934E /* SenTestingKit.framework */,
			);
			name = Frameworks;
			sourceTree = "<group>";
		};
		84D55019147F1C4A00A7934E /* ZenSudoku */ = {
			isa = PBXGroup;
			children = (
				84AC26D71480D52000E966A5 /* Models */,
				84AC26E11480EB5E00E966A5 /* Model Controllers */,
				84D55066147F2F1600A7934E /* View Controllers */,
				84D5501A147F1C4A00A7934E /* Supporting Files */,
				84AC26C21480834B00E966A5 /* Resources */,
				8449D95B14833649003F6FB3 /* External */,
				84D55022147F1C4A00A7934E /* ZSAppDelegate.h */,
				84D55023147F1C4A00A7934E /* ZSAppDelegate.m */,
			);
			path = ZenSudoku;
			sourceTree = "<group>";
		};
		84D5501A147F1C4A00A7934E /* Supporting Files */ = {
			isa = PBXGroup;
			children = (
				84D5501B147F1C4A00A7934E /* ZenSudoku-Info.plist */,
				84D5501C147F1C4A00A7934E /* InfoPlist.strings */,
				84D5501F147F1C4A00A7934E /* main.m */,
				84D55021147F1C4A00A7934E /* ZenSudoku-Prefix.pch */,
			);
			name = "Supporting Files";
			sourceTree = "<group>";
		};
		84D55066147F2F1600A7934E /* View Controllers */ = {
			isa = PBXGroup;
			children = (
				84D55059147F227C00A7934E /* ZSMainMenuViewController.h */,
				84D5505A147F227C00A7934E /* ZSMainMenuViewController.m */,
				84D55063147F2EFA00A7934E /* ZSNewGameOptionsViewController.h */,
				84D55064147F2EFA00A7934E /* ZSNewGameOptionsViewController.m */,
				84A0975D1549DDE40082C9D0 /* ZSGameBookViewController.h */,
				84A0975E1549DDE40082C9D0 /* ZSGameBookViewController.m */,
				84D55067147F3D7400A7934E /* ZSGameViewController.h */,
				84D55068147F3D7400A7934E /* ZSGameViewController.m */,
				84AC26C61480950F00E966A5 /* ZSGameBoardViewController.h */,
				84AC26C71480950F00E966A5 /* ZSGameBoardViewController.m */,
				84AC26CB1480986900E966A5 /* ZSGameBoardTileViewController.h */,
				84AC26CC1480986900E966A5 /* ZSGameBoardTileViewController.m */,
				8449D9551481D77C003F6FB3 /* ZSGameAnswerOptionsViewController.h */,
				8449D9561481D77D003F6FB3 /* ZSGameAnswerOptionsViewController.m */,
				8449D9581481E518003F6FB3 /* ZSGameAnswerOptionViewController.h */,
				8449D9591481E518003F6FB3 /* ZSGameAnswerOptionViewController.m */,
				841F854B14C4287600DFFABC /* ZSStatisticsViewController.h */,
				841F854C14C4287600DFFABC /* ZSStatisticsViewController.m */,
				84C6110714D94414003358FE /* ZSInstructionsRootViewController.h */,
				84C6110814D94414003358FE /* ZSInstructionsRootViewController.m */,
				84C6110914D94414003358FE /* ZSInstructionsRootViewController.xib */,
				8428AD33154A48F700BA8EE0 /* ZSHintViewController.h */,
				8428AD34154A48F700BA8EE0 /* ZSHintViewController.m */,
				8428AD35154A48F700BA8EE0 /* ZSHintViewController.xib */,
			);
			name = "View Controllers";
			sourceTree = "<group>";
		};
		84EE862A1494ADEA004C0A16 /* ZenSudokuLogicTests */ = {
			isa = PBXGroup;
			children = (
				84EE862B1494ADEA004C0A16 /* Supporting Files */,
			);
			path = ZenSudokuLogicTests;
			sourceTree = "<group>";
		};
		84EE862B1494ADEA004C0A16 /* Supporting Files */ = {
			isa = PBXGroup;
			children = (
				84EE862C1494ADEA004C0A16 /* ZenSudokuLogicTests-Info.plist */,
				84EE862D1494ADEA004C0A16 /* InfoPlist.strings */,
				84EE86331494ADEA004C0A16 /* ZenSudokuLogicTests-Prefix.pch */,
			);
			name = "Supporting Files";
			sourceTree = "<group>";
		};
/* End PBXGroup section */

/* Begin PBXNativeTarget section */
		84D5500E147F1C4A00A7934E /* ZenSudoku */ = {
			isa = PBXNativeTarget;
			buildConfigurationList = 84D5504B147F1C4B00A7934E /* Build configuration list for PBXNativeTarget "ZenSudoku" */;
			buildPhases = (
				84D5500B147F1C4A00A7934E /* Sources */,
				84D5500C147F1C4A00A7934E /* Frameworks */,
				84D5500D147F1C4A00A7934E /* Resources */,
			);
			buildRules = (
			);
			dependencies = (
			);
			name = ZenSudoku;
			productName = ZenSudoku;
			productReference = 84D5500F147F1C4A00A7934E /* ZenSudoku.app */;
			productType = "com.apple.product-type.application";
		};
		84EE86251494ADEA004C0A16 /* ZenSudokuLogicTests */ = {
			isa = PBXNativeTarget;
			buildConfigurationList = 84EE86341494ADEA004C0A16 /* Build configuration list for PBXNativeTarget "ZenSudokuLogicTests" */;
			buildPhases = (
				84EE86211494ADEA004C0A16 /* Sources */,
				84EE86221494ADEA004C0A16 /* Frameworks */,
				84EE86231494ADEA004C0A16 /* Resources */,
				84EE86241494ADEA004C0A16 /* ShellScript */,
			);
			buildRules = (
			);
			dependencies = (
			);
			name = ZenSudokuLogicTests;
			productName = ZenSudokuLogicTests;
			productReference = 84EE86261494ADEA004C0A16 /* ZenSudokuLogicTests.octest */;
			productType = "com.apple.product-type.bundle";
		};
/* End PBXNativeTarget section */

/* Begin PBXProject section */
		84D55006147F1C4A00A7934E /* Project object */ = {
			isa = PBXProject;
			attributes = {
				LastUpgradeCheck = 0430;
			};
			buildConfigurationList = 84D55009147F1C4A00A7934E /* Build configuration list for PBXProject "ZenSudoku" */;
			compatibilityVersion = "Xcode 3.2";
			developmentRegion = English;
			hasScannedForEncodings = 0;
			knownRegions = (
				en,
			);
			mainGroup = 84D55004147F1C4A00A7934E;
			productRefGroup = 84D55010147F1C4A00A7934E /* Products */;
			projectDirPath = "";
			projectRoot = "";
			targets = (
				84D5500E147F1C4A00A7934E /* ZenSudoku */,
				84EE86251494ADEA004C0A16 /* ZenSudokuLogicTests */,
			);
		};
/* End PBXProject section */

/* Begin PBXResourcesBuildPhase section */
		84D5500D147F1C4A00A7934E /* Resources */ = {
			isa = PBXResourcesBuildPhase;
			buildActionMask = 2147483647;
			files = (
				84D5501E147F1C4A00A7934E /* InfoPlist.strings in Resources */,
				843BEDEF149DC4E800D1D19B /* ZSIconNew57.png in Resources */,
				843BEDF1149DC4F100D1D19B /* ZSIconNew114.png in Resources */,
				841F850214C25F2E00DFFABC /* Settings.bundle in Resources */,
				8492B78814CEBDC80093B7AC /* Sudoku.db3 in Resources */,
				84C6110B14D94414003358FE /* ZSInstructionsRootViewController.xib in Resources */,
				8426A78C14ED1657006DAD1C /* IASKAppSettingsView.xib in Resources */,
				8426A78D14ED1657006DAD1C /* IASKAppSettingsWebView.xib in Resources */,
				8426A78E14ED1657006DAD1C /* IASKPSSliderSpecifierViewCell.xib in Resources */,
				8426A78F14ED1657006DAD1C /* IASKPSTextFieldSpecifierViewCell.xib in Resources */,
				8426A79014ED1657006DAD1C /* IASKPSToggleSwitchSpecifierViewCell.xib in Resources */,
				8426A79114ED1657006DAD1C /* IASKSpecifierValuesView.xib in Resources */,
				849B69D914F263AB00870F09 /* ReklameScript-Black.ttf in Resources */,
				849B69DA14F263AB00870F09 /* ReklameScript-Bold.ttf in Resources */,
				849B69DB14F263AB00870F09 /* ReklameScript-Medium.ttf in Resources */,
				849B69DC14F263AB00870F09 /* ReklameScript-Regular.ttf in Resources */,
				849B69F314F2666400870F09 /* PaperBackground.png in Resources */,
				849B69F414F2666400870F09 /* PaperBackground@2x.png in Resources */,
				8494BE6B14FAACCC00010233 /* Board.png in Resources */,
				8494BE6C14FAACCC00010233 /* Board@2x.png in Resources */,
				8494BE7114FB117100010233 /* Pencil@2x.png in Resources */,
				8494BE7214FB117100010233 /* PencilSelected@2x.png in Resources */,
				840216EA1538EAAD00B16131 /* README.txt in Resources */,
				840216EB1538EAAD00B16131 /* release_notes.txt in Resources */,
				8435B42715456C0A00C15E87 /* PaperBackgroundCurled.png in Resources */,
				8435B42815456C0A00C15E87 /* PaperBackgroundCurled@2x.png in Resources */,
				84A097521548B22D0082C9D0 /* AutoPencil.png in Resources */,
				84A097531548B22D0082C9D0 /* AutoPencil@2x.png in Resources */,
				84A097541548B22D0082C9D0 /* AutoPencilHighlighted.png in Resources */,
				84A097551548B22D0082C9D0 /* AutoPencilHighlighted@2x.png in Resources */,
				84A097561548B22D0082C9D0 /* Hints.png in Resources */,
				84A097571548B22D0082C9D0 /* Hints@2x.png in Resources */,
				84A097581548B22D0082C9D0 /* HintsHighlighted.png in Resources */,
				84A097591548B22D0082C9D0 /* HintsHighlighted@2x.png in Resources */,
				8428AD37154A48F700BA8EE0 /* ZSHintViewController.xib in Resources */,
				8428AD39154A498200BA8EE0 /* HintPaper@2x.png in Resources */,
				8428AD3C154A52F700BA8EE0 /* Default.png in Resources */,
				8428AD3D154A52F700BA8EE0 /* Default@2x.png in Resources */,
				8428AD3F154AA62600BA8EE0 /* HintPaper.png in Resources */,
			);
			runOnlyForDeploymentPostprocessing = 0;
		};
		84EE86231494ADEA004C0A16 /* Resources */ = {
			isa = PBXResourcesBuildPhase;
			buildActionMask = 2147483647;
			files = (
				84EE862F1494ADEA004C0A16 /* InfoPlist.strings in Resources */,
			);
			runOnlyForDeploymentPostprocessing = 0;
		};
/* End PBXResourcesBuildPhase section */

/* Begin PBXShellScriptBuildPhase section */
		84EE86241494ADEA004C0A16 /* ShellScript */ = {
			isa = PBXShellScriptBuildPhase;
			buildActionMask = 2147483647;
			files = (
			);
			inputPaths = (
			);
			outputPaths = (
			);
			runOnlyForDeploymentPostprocessing = 0;
			shellPath = /bin/sh;
			shellScript = "# Run the unit tests in this test bundle.\n\"${SYSTEM_DEVELOPER_DIR}/Tools/RunUnitTests\"\n";
		};
/* End PBXShellScriptBuildPhase section */

/* Begin PBXSourcesBuildPhase section */
		84D5500B147F1C4A00A7934E /* Sources */ = {
			isa = PBXSourcesBuildPhase;
			buildActionMask = 2147483647;
			files = (
				84D55020147F1C4A00A7934E /* main.m in Sources */,
				84D55024147F1C4A00A7934E /* ZSAppDelegate.m in Sources */,
				84D5505C147F227C00A7934E /* ZSMainMenuViewController.m in Sources */,
				84D55065147F2EFA00A7934E /* ZSNewGameOptionsViewController.m in Sources */,
				84D55069147F3D7500A7934E /* ZSGameViewController.m in Sources */,
				84AC26C91480950F00E966A5 /* ZSGameBoardViewController.m in Sources */,
				84AC26CE1480986900E966A5 /* ZSGameBoardTileViewController.m in Sources */,
				84AC26DD1480D9C700E966A5 /* ZSGame.m in Sources */,
				84AC26E01480DDBA00E966A5 /* ZSGameTile.m in Sources */,
				84AC26E41480EB7E00E966A5 /* ZSGameController.m in Sources */,
				8449D9571481D77D003F6FB3 /* ZSGameAnswerOptionsViewController.m in Sources */,
				8449D95A1481E518003F6FB3 /* ZSGameAnswerOptionViewController.m in Sources */,
				84B300F4148AF6FF00E568CE /* ZSGameHistoryEntry.m in Sources */,
				84F9EFFE1495CC81003DD297 /* ZSGameBoard.m in Sources */,
				841F854A14C40F5600DFFABC /* ZSStatisticsController.m in Sources */,
				841F854E14C4287700DFFABC /* ZSStatisticsViewController.m in Sources */,
				8492B77414CD69B10093B7AC /* ZSPuzzleFetcher.m in Sources */,
				84C6110A14D94414003358FE /* ZSInstructionsRootViewController.m in Sources */,
				8426A77D14ED1656006DAD1C /* IASKAppSettingsViewController.m in Sources */,
				8426A77E14ED1656006DAD1C /* IASKAppSettingsWebViewController.m in Sources */,
				8426A77F14ED1656006DAD1C /* IASKSpecifierValuesViewController.m in Sources */,
				8426A78014ED1656006DAD1C /* IASKSettingsReader.m in Sources */,
				8426A78114ED1656006DAD1C /* IASKSettingsStore.m in Sources */,
				8426A78214ED1657006DAD1C /* IASKSettingsStoreFile.m in Sources */,
				8426A78314ED1657006DAD1C /* IASKSettingsStoreUserDefaults.m in Sources */,
				8426A78414ED1657006DAD1C /* IASKSpecifier.m in Sources */,
				8426A78514ED1657006DAD1C /* IASKPSSliderSpecifierViewCell.m in Sources */,
				8426A78614ED1657006DAD1C /* IASKPSTextFieldSpecifierViewCell.m in Sources */,
				8426A78714ED1657006DAD1C /* IASKPSTitleValueSpecifierViewCell.m in Sources */,
				8426A78814ED1657006DAD1C /* IASKPSToggleSwitchSpecifierViewCell.m in Sources */,
				8426A78914ED1657006DAD1C /* IASKSlider.m in Sources */,
				8426A78A14ED1657006DAD1C /* IASKSwitch.m in Sources */,
				8426A78B14ED1657006DAD1C /* IASKTextField.m in Sources */,
				8426A79D14ED16A3006DAD1C /* FMDatabase.m in Sources */,
				8426A79E14ED16A3006DAD1C /* FMDatabaseAdditions.m in Sources */,
				8426A79F14ED16A3006DAD1C /* FMResultSet.m in Sources */,
				84AC6B411508B35F00C2F192 /* UIColor+ColorWithHex.m in Sources */,
				84A0975F1549DDE40082C9D0 /* ZSGameBookViewController.m in Sources */,
				8428AD2B154A2C2D00BA8EE0 /* ZSFastGameBoard.m in Sources */,
				8428AD2D154A2C2D00BA8EE0 /* ZSHintGenerator.m in Sources */,
				8428AD36154A48F700BA8EE0 /* ZSHintViewController.m in Sources */,
				8428AD42154AB8FE00BA8EE0 /* ZSHintCard.m in Sources */,
				8428AD4B154F2D4700BA8EE0 /* ZSHintGeneratorFixIncorrectGuess.m in Sources */,
				8428AD4E154F30A300BA8EE0 /* ZSHintGeneratorNoHint.m in Sources */,
				8428AD51154F36A200BA8EE0 /* ZSHintGeneratorFixMissingPencil.m in Sources */,
				84992960155BA8B900D82D34 /* ZSHintGeneratorSolveOnlyChoice.m in Sources */,
				84992964155F0C9700D82D34 /* ZSHintGeneratorSolveSinglePossibility.m in Sources */,
				84D1CB09156EE5A60027230B /* ZSHintGeneratorEliminatePencilsNakedSubgroup.m in Sources */,
				84D1CB1115703CB00027230B /* ZSHintGeneratorEliminatePencilsHiddenSubgroup.m in Sources */,
				84D1CB141571829E0027230B /* ZSHintGeneratorEliminatePencilsPointingPairs.m in Sources */,
			);
			runOnlyForDeploymentPostprocessing = 0;
		};
		84EE86211494ADEA004C0A16 /* Sources */ = {
			isa = PBXSourcesBuildPhase;
			buildActionMask = 2147483647;
			files = (
				84992961155BA8B900D82D34 /* ZSHintGeneratorSolveOnlyChoice.m in Sources */,
				84992965155F0C9700D82D34 /* ZSHintGeneratorSolveSinglePossibility.m in Sources */,
			);
			runOnlyForDeploymentPostprocessing = 0;
		};
/* End PBXSourcesBuildPhase section */

/* Begin PBXVariantGroup section */
		84D5501C147F1C4A00A7934E /* InfoPlist.strings */ = {
			isa = PBXVariantGroup;
			children = (
				84D5501D147F1C4A00A7934E /* en */,
			);
			name = InfoPlist.strings;
			sourceTree = "<group>";
		};
		84EE862D1494ADEA004C0A16 /* InfoPlist.strings */ = {
			isa = PBXVariantGroup;
			children = (
				84EE862E1494ADEA004C0A16 /* en */,
			);
			name = InfoPlist.strings;
			sourceTree = "<group>";
		};
/* End PBXVariantGroup section */

/* Begin XCBuildConfiguration section */
		843BEDCD149C8FE200D1D19B /* Ad Hoc */ = {
			isa = XCBuildConfiguration;
			buildSettings = {
				ALWAYS_SEARCH_USER_PATHS = NO;
				ARCHS = "$(ARCHS_STANDARD_32_BIT)";
				CLANG_ENABLE_OBJC_ARC = YES;
				CODE_SIGN_IDENTITY = "iPhone Distribution";
				"CODE_SIGN_IDENTITY[sdk=iphoneos*]" = "iPhone Distribution";
				COPY_PHASE_STRIP = YES;
				GCC_C_LANGUAGE_STANDARD = gnu99;
				GCC_VERSION = com.apple.compilers.llvm.clang.1_0;
				GCC_WARN_ABOUT_MISSING_PROTOTYPES = YES;
				GCC_WARN_ABOUT_RETURN_TYPE = YES;
				GCC_WARN_UNUSED_VARIABLE = YES;
				IPHONEOS_DEPLOYMENT_TARGET = 5.0;
				OTHER_CFLAGS = "-DNS_BLOCK_ASSERTIONS=1";
				PROVISIONING_PROFILE = "";
				"PROVISIONING_PROFILE[sdk=iphoneos*]" = "";
				SDKROOT = iphoneos;
				TARGETED_DEVICE_FAMILY = "1,2";
				VALIDATE_PRODUCT = YES;
			};
			name = "Ad Hoc";
		};
		843BEDCE149C8FE200D1D19B /* Ad Hoc */ = {
			isa = XCBuildConfiguration;
			buildSettings = {
				CODE_SIGN_IDENTITY = "iPhone Distribution: Negative Ion, Inc.";
				"CODE_SIGN_IDENTITY[sdk=iphoneos*]" = "iPhone Distribution: Negative Ion, Inc.";
				COPY_PHASE_STRIP = NO;
				GCC_PRECOMPILE_PREFIX_HEADER = YES;
				GCC_PREFIX_HEADER = "ZenSudoku/ZenSudoku-Prefix.pch";
				INFOPLIST_FILE = "ZenSudoku/ZenSudoku-Info.plist";
				IPHONEOS_DEPLOYMENT_TARGET = 4.2;
				LIBRARY_SEARCH_PATHS = (
					"$(inherited)",
					"\"$(SRCROOT)/ZenSudoku/External/TestFlightSDK1.0\"",
				);
				PRODUCT_NAME = "$(TARGET_NAME)";
				PROVISIONING_PROFILE = "";
				"PROVISIONING_PROFILE[sdk=iphoneos*]" = "";
				TARGETED_DEVICE_FAMILY = 1;
				WRAPPER_EXTENSION = app;
			};
			name = "Ad Hoc";
		};
		843BEDCF149C8FE200D1D19B /* Ad Hoc */ = {
			isa = XCBuildConfiguration;
			buildSettings = {
				BUNDLE_LOADER = "$(BUILT_PRODUCTS_DIR)/ZenSudoku.app/ZenSudoku";
				FRAMEWORK_SEARCH_PATHS = (
					"$(SDKROOT)/Developer/Library/Frameworks",
					"$(DEVELOPER_LIBRARY_DIR)/Frameworks",
				);
				GCC_PRECOMPILE_PREFIX_HEADER = YES;
				GCC_PREFIX_HEADER = "ZenSudokuLogicTests/ZenSudokuLogicTests-Prefix.pch";
				INFOPLIST_FILE = "ZenSudokuLogicTests/ZenSudokuLogicTests-Info.plist";
				PRODUCT_NAME = "$(TARGET_NAME)";
				TEST_HOST = "$(BUNDLE_LOADER)";
				WRAPPER_EXTENSION = octest;
			};
			name = "Ad Hoc";
		};
		84D55049147F1C4B00A7934E /* Debug */ = {
			isa = XCBuildConfiguration;
			buildSettings = {
				ALWAYS_SEARCH_USER_PATHS = NO;
				ARCHS = "$(ARCHS_STANDARD_32_BIT)";
				CLANG_ENABLE_OBJC_ARC = YES;
				CODE_SIGN_IDENTITY = "iPhone Developer";
				"CODE_SIGN_IDENTITY[sdk=iphoneos*]" = "iPhone Developer";
				COPY_PHASE_STRIP = NO;
				GCC_C_LANGUAGE_STANDARD = gnu99;
				GCC_DYNAMIC_NO_PIC = NO;
				GCC_OPTIMIZATION_LEVEL = 0;
				GCC_PREPROCESSOR_DEFINITIONS = (
					"DEBUG=1",
					"$(inherited)",
				);
				GCC_SYMBOLS_PRIVATE_EXTERN = NO;
				GCC_VERSION = com.apple.compilers.llvm.clang.1_0;
				GCC_WARN_ABOUT_MISSING_PROTOTYPES = YES;
				GCC_WARN_ABOUT_RETURN_TYPE = YES;
				GCC_WARN_UNUSED_VARIABLE = YES;
				IPHONEOS_DEPLOYMENT_TARGET = 5.0;
				PROVISIONING_PROFILE = "";
				SDKROOT = iphoneos;
				TARGETED_DEVICE_FAMILY = "1,2";
			};
			name = Debug;
		};
		84D5504A147F1C4B00A7934E /* Release */ = {
			isa = XCBuildConfiguration;
			buildSettings = {
				ALWAYS_SEARCH_USER_PATHS = NO;
				ARCHS = "$(ARCHS_STANDARD_32_BIT)";
				CLANG_ENABLE_OBJC_ARC = YES;
				CODE_SIGN_IDENTITY = "iPhone Distribution";
				"CODE_SIGN_IDENTITY[sdk=iphoneos*]" = "iPhone Distribution";
				COPY_PHASE_STRIP = YES;
				GCC_C_LANGUAGE_STANDARD = gnu99;
				GCC_VERSION = com.apple.compilers.llvm.clang.1_0;
				GCC_WARN_ABOUT_MISSING_PROTOTYPES = YES;
				GCC_WARN_ABOUT_RETURN_TYPE = YES;
				GCC_WARN_UNUSED_VARIABLE = YES;
				IPHONEOS_DEPLOYMENT_TARGET = 5.0;
				OTHER_CFLAGS = "-DNS_BLOCK_ASSERTIONS=1";
				PROVISIONING_PROFILE = "";
				"PROVISIONING_PROFILE[sdk=iphoneos*]" = "";
				SDKROOT = iphoneos;
				TARGETED_DEVICE_FAMILY = "1,2";
				VALIDATE_PRODUCT = YES;
			};
			name = Release;
		};
		84D5504C147F1C4B00A7934E /* Debug */ = {
			isa = XCBuildConfiguration;
			buildSettings = {
				CODE_SIGN_IDENTITY = "iPhone Developer";
				GCC_PRECOMPILE_PREFIX_HEADER = YES;
				GCC_PREFIX_HEADER = "ZenSudoku/ZenSudoku-Prefix.pch";
				INFOPLIST_FILE = "ZenSudoku/ZenSudoku-Info.plist";
				IPHONEOS_DEPLOYMENT_TARGET = 4.2;
				LIBRARY_SEARCH_PATHS = (
					"$(inherited)",
					"\"$(SRCROOT)/ZenSudoku/External/TestFlightSDK1.0\"",
				);
				PRODUCT_NAME = "$(TARGET_NAME)";
				PROVISIONING_PROFILE = "";
				TARGETED_DEVICE_FAMILY = 1;
				WRAPPER_EXTENSION = app;
			};
			name = Debug;
		};
		84D5504D147F1C4B00A7934E /* Release */ = {
			isa = XCBuildConfiguration;
			buildSettings = {
				ARCHS = (
					armv6,
					armv7,
				);
				CODE_SIGN_IDENTITY = "iPhone Developer";
				"CODE_SIGN_IDENTITY[sdk=iphoneos*]" = "iPhone Developer";
				GCC_PRECOMPILE_PREFIX_HEADER = YES;
				GCC_PREFIX_HEADER = "ZenSudoku/ZenSudoku-Prefix.pch";
				INFOPLIST_FILE = "ZenSudoku/ZenSudoku-Info.plist";
				IPHONEOS_DEPLOYMENT_TARGET = 4.2;
				LIBRARY_SEARCH_PATHS = (
					"$(inherited)",
					"\"$(SRCROOT)/ZenSudoku/External/TestFlightSDK1.0\"",
				);
				PRODUCT_NAME = "$(TARGET_NAME)";
				PROVISIONING_PROFILE = "";
				"PROVISIONING_PROFILE[sdk=iphoneos*]" = "";
				TARGETED_DEVICE_FAMILY = 1;
				WRAPPER_EXTENSION = app;
			};
			name = Release;
		};
		84EE86351494ADEA004C0A16 /* Debug */ = {
			isa = XCBuildConfiguration;
			buildSettings = {
				BUNDLE_LOADER = "$(BUILT_PRODUCTS_DIR)/ZenSudoku.app/ZenSudoku";
				FRAMEWORK_SEARCH_PATHS = (
					"$(SDKROOT)/Developer/Library/Frameworks",
					"$(DEVELOPER_LIBRARY_DIR)/Frameworks",
				);
				GCC_PRECOMPILE_PREFIX_HEADER = YES;
				GCC_PREFIX_HEADER = "ZenSudokuLogicTests/ZenSudokuLogicTests-Prefix.pch";
				INFOPLIST_FILE = "ZenSudokuLogicTests/ZenSudokuLogicTests-Info.plist";
				PRODUCT_NAME = "$(TARGET_NAME)";
				TEST_HOST = "$(BUNDLE_LOADER)";
				WRAPPER_EXTENSION = octest;
			};
			name = Debug;
		};
		84EE86361494ADEA004C0A16 /* Release */ = {
			isa = XCBuildConfiguration;
			buildSettings = {
				BUNDLE_LOADER = "$(BUILT_PRODUCTS_DIR)/ZenSudoku.app/ZenSudoku";
				FRAMEWORK_SEARCH_PATHS = (
					"$(SDKROOT)/Developer/Library/Frameworks",
					"$(DEVELOPER_LIBRARY_DIR)/Frameworks",
				);
				GCC_PRECOMPILE_PREFIX_HEADER = YES;
				GCC_PREFIX_HEADER = "ZenSudokuLogicTests/ZenSudokuLogicTests-Prefix.pch";
				INFOPLIST_FILE = "ZenSudokuLogicTests/ZenSudokuLogicTests-Info.plist";
				PRODUCT_NAME = "$(TARGET_NAME)";
				TEST_HOST = "$(BUNDLE_LOADER)";
				WRAPPER_EXTENSION = octest;
			};
			name = Release;
		};
/* End XCBuildConfiguration section */

/* Begin XCConfigurationList section */
		84D55009147F1C4A00A7934E /* Build configuration list for PBXProject "ZenSudoku" */ = {
			isa = XCConfigurationList;
			buildConfigurations = (
				84D55049147F1C4B00A7934E /* Debug */,
				84D5504A147F1C4B00A7934E /* Release */,
				843BEDCD149C8FE200D1D19B /* Ad Hoc */,
			);
			defaultConfigurationIsVisible = 0;
			defaultConfigurationName = Release;
		};
		84D5504B147F1C4B00A7934E /* Build configuration list for PBXNativeTarget "ZenSudoku" */ = {
			isa = XCConfigurationList;
			buildConfigurations = (
				84D5504C147F1C4B00A7934E /* Debug */,
				84D5504D147F1C4B00A7934E /* Release */,
				843BEDCE149C8FE200D1D19B /* Ad Hoc */,
			);
			defaultConfigurationIsVisible = 0;
			defaultConfigurationName = Release;
		};
		84EE86341494ADEA004C0A16 /* Build configuration list for PBXNativeTarget "ZenSudokuLogicTests" */ = {
			isa = XCConfigurationList;
			buildConfigurations = (
				84EE86351494ADEA004C0A16 /* Debug */,
				84EE86361494ADEA004C0A16 /* Release */,
				843BEDCF149C8FE200D1D19B /* Ad Hoc */,
			);
			defaultConfigurationIsVisible = 0;
			defaultConfigurationName = Release;
		};
/* End XCConfigurationList section */
	};
	rootObject = 84D55006147F1C4A00A7934E /* Project object */;
}
